// !$*UTF8*$!
{
	archiveVersion = 1;
	classes = {
	};
	objectVersion = 56;
	objects = {

/* Begin PBXBuildFile section */
		2729764629CE52E500B31EEB /* NotificationService.swift in Sources */ = {isa = PBXBuildFile; fileRef = 2729764529CE52E500B31EEB /* NotificationService.swift */; };
		2729764A29CE52E500B31EEB /* CourierService.appex in Embed Foundation Extensions */ = {isa = PBXBuildFile; fileRef = 2729764329CE52E500B31EEB /* CourierService.appex */; settings = {ATTRIBUTES = (RemoveHeadersOnCopy, ); }; };
		2735336F29CE43C600FF16CD /* AppDelegate.swift in Sources */ = {isa = PBXBuildFile; fileRef = 2735336E29CE43C600FF16CD /* AppDelegate.swift */; };
		2735337129CE43C600FF16CD /* SceneDelegate.swift in Sources */ = {isa = PBXBuildFile; fileRef = 2735337029CE43C600FF16CD /* SceneDelegate.swift */; };
		2735337329CE43C600FF16CD /* ViewController.swift in Sources */ = {isa = PBXBuildFile; fileRef = 2735337229CE43C600FF16CD /* ViewController.swift */; };
		2735337629CE43C600FF16CD /* Main.storyboard in Resources */ = {isa = PBXBuildFile; fileRef = 2735337429CE43C600FF16CD /* Main.storyboard */; };
		2735337829CE43C700FF16CD /* Assets.xcassets in Resources */ = {isa = PBXBuildFile; fileRef = 2735337729CE43C700FF16CD /* Assets.xcassets */; };
		2735337B29CE43C700FF16CD /* LaunchScreen.storyboard in Resources */ = {isa = PBXBuildFile; fileRef = 2735337929CE43C700FF16CD /* LaunchScreen.storyboard */; };
		78DD659F9DA90FC93F70237A /* Pods_CourierService.framework in Frameworks */ = {isa = PBXBuildFile; fileRef = A86CD664119125DA34C8FCC3 /* Pods_CourierService.framework */; };
		AE39D8FB8F3190B25F3DC901 /* Pods_Pod_Example.framework in Frameworks */ = {isa = PBXBuildFile; fileRef = FB9F707E1EAC3A5B8FDFE6C6 /* Pods_Pod_Example.framework */; };
/* End PBXBuildFile section */

/* Begin PBXContainerItemProxy section */
		2729764829CE52E500B31EEB /* PBXContainerItemProxy */ = {
			isa = PBXContainerItemProxy;
			containerPortal = 2735336329CE43C600FF16CD /* Project object */;
			proxyType = 1;
			remoteGlobalIDString = 2729764229CE52E500B31EEB;
			remoteInfo = CourierService;
		};
/* End PBXContainerItemProxy section */

/* Begin PBXCopyFilesBuildPhase section */
		2729764B29CE52E500B31EEB /* Embed Foundation Extensions */ = {
			isa = PBXCopyFilesBuildPhase;
			buildActionMask = 2147483647;
			dstPath = "";
			dstSubfolderSpec = 13;
			files = (
				2729764A29CE52E500B31EEB /* CourierService.appex in Embed Foundation Extensions */,
			);
			name = "Embed Foundation Extensions";
			runOnlyForDeploymentPostprocessing = 0;
		};
/* End PBXCopyFilesBuildPhase section */

/* Begin PBXFileReference section */
		18E9C55639575F3454885D12 /* Pods-CourierService.release.xcconfig */ = {isa = PBXFileReference; includeInIndex = 1; lastKnownFileType = text.xcconfig; name = "Pods-CourierService.release.xcconfig"; path = "Target Support Files/Pods-CourierService/Pods-CourierService.release.xcconfig"; sourceTree = "<group>"; };
		2729764329CE52E500B31EEB /* CourierService.appex */ = {isa = PBXFileReference; explicitFileType = "wrapper.app-extension"; includeInIndex = 0; path = CourierService.appex; sourceTree = BUILT_PRODUCTS_DIR; };
		2729764529CE52E500B31EEB /* NotificationService.swift */ = {isa = PBXFileReference; lastKnownFileType = sourcecode.swift; path = NotificationService.swift; sourceTree = "<group>"; };
		2729764729CE52E500B31EEB /* Info.plist */ = {isa = PBXFileReference; lastKnownFileType = text.plist.xml; path = Info.plist; sourceTree = "<group>"; };
		2729764F29CE52FE00B31EEB /* Courier_iOS.framework */ = {isa = PBXFileReference; explicitFileType = wrapper.framework; path = Courier_iOS.framework; sourceTree = BUILT_PRODUCTS_DIR; };
		2735336B29CE43C600FF16CD /* Pod-Example.app */ = {isa = PBXFileReference; explicitFileType = wrapper.application; includeInIndex = 0; path = "Pod-Example.app"; sourceTree = BUILT_PRODUCTS_DIR; };
		2735336E29CE43C600FF16CD /* AppDelegate.swift */ = {isa = PBXFileReference; lastKnownFileType = sourcecode.swift; path = AppDelegate.swift; sourceTree = "<group>"; };
		2735337029CE43C600FF16CD /* SceneDelegate.swift */ = {isa = PBXFileReference; lastKnownFileType = sourcecode.swift; path = SceneDelegate.swift; sourceTree = "<group>"; };
		2735337229CE43C600FF16CD /* ViewController.swift */ = {isa = PBXFileReference; lastKnownFileType = sourcecode.swift; path = ViewController.swift; sourceTree = "<group>"; };
		2735337529CE43C600FF16CD /* Base */ = {isa = PBXFileReference; lastKnownFileType = file.storyboard; name = Base; path = Base.lproj/Main.storyboard; sourceTree = "<group>"; };
		2735337729CE43C700FF16CD /* Assets.xcassets */ = {isa = PBXFileReference; lastKnownFileType = folder.assetcatalog; path = Assets.xcassets; sourceTree = "<group>"; };
		2735337A29CE43C700FF16CD /* Base */ = {isa = PBXFileReference; lastKnownFileType = file.storyboard; name = Base; path = Base.lproj/LaunchScreen.storyboard; sourceTree = "<group>"; };
		2735337C29CE43C700FF16CD /* Info.plist */ = {isa = PBXFileReference; lastKnownFileType = text.plist.xml; path = Info.plist; sourceTree = "<group>"; };
		338ECF0B2B906699DFD30CCA /* Pods-Pod-Example.debug.xcconfig */ = {isa = PBXFileReference; includeInIndex = 1; lastKnownFileType = text.xcconfig; name = "Pods-Pod-Example.debug.xcconfig"; path = "Target Support Files/Pods-Pod-Example/Pods-Pod-Example.debug.xcconfig"; sourceTree = "<group>"; };
		58D3458B1C003EC3F2DF96DF /* Pods-Pod-Example.release.xcconfig */ = {isa = PBXFileReference; includeInIndex = 1; lastKnownFileType = text.xcconfig; name = "Pods-Pod-Example.release.xcconfig"; path = "Target Support Files/Pods-Pod-Example/Pods-Pod-Example.release.xcconfig"; sourceTree = "<group>"; };
		7E45B566C7CA5144A3D7E916 /* Pods-CourierService.debug.xcconfig */ = {isa = PBXFileReference; includeInIndex = 1; lastKnownFileType = text.xcconfig; name = "Pods-CourierService.debug.xcconfig"; path = "Target Support Files/Pods-CourierService/Pods-CourierService.debug.xcconfig"; sourceTree = "<group>"; };
		A86CD664119125DA34C8FCC3 /* Pods_CourierService.framework */ = {isa = PBXFileReference; explicitFileType = wrapper.framework; includeInIndex = 0; path = Pods_CourierService.framework; sourceTree = BUILT_PRODUCTS_DIR; };
		FB9F707E1EAC3A5B8FDFE6C6 /* Pods_Pod_Example.framework */ = {isa = PBXFileReference; explicitFileType = wrapper.framework; includeInIndex = 0; path = Pods_Pod_Example.framework; sourceTree = BUILT_PRODUCTS_DIR; };
/* End PBXFileReference section */

/* Begin PBXFrameworksBuildPhase section */
		2729764029CE52E500B31EEB /* Frameworks */ = {
			isa = PBXFrameworksBuildPhase;
			buildActionMask = 2147483647;
			files = (
				78DD659F9DA90FC93F70237A /* Pods_CourierService.framework in Frameworks */,
			);
			runOnlyForDeploymentPostprocessing = 0;
		};
		2735336829CE43C600FF16CD /* Frameworks */ = {
			isa = PBXFrameworksBuildPhase;
			buildActionMask = 2147483647;
			files = (
				AE39D8FB8F3190B25F3DC901 /* Pods_Pod_Example.framework in Frameworks */,
			);
			runOnlyForDeploymentPostprocessing = 0;
		};
/* End PBXFrameworksBuildPhase section */

/* Begin PBXGroup section */
		24C09018AA6D841134D90D3D /* Pods */ = {
			isa = PBXGroup;
			children = (
				338ECF0B2B906699DFD30CCA /* Pods-Pod-Example.debug.xcconfig */,
				58D3458B1C003EC3F2DF96DF /* Pods-Pod-Example.release.xcconfig */,
				7E45B566C7CA5144A3D7E916 /* Pods-CourierService.debug.xcconfig */,
				18E9C55639575F3454885D12 /* Pods-CourierService.release.xcconfig */,
			);
			path = Pods;
			sourceTree = "<group>";
		};
		2729764429CE52E500B31EEB /* CourierService */ = {
			isa = PBXGroup;
			children = (
				2729764529CE52E500B31EEB /* NotificationService.swift */,
				2729764729CE52E500B31EEB /* Info.plist */,
			);
			path = CourierService;
			sourceTree = "<group>";
		};
		2735336229CE43C600FF16CD = {
			isa = PBXGroup;
			children = (
				2735336D29CE43C600FF16CD /* Pod-Example */,
				2729764429CE52E500B31EEB /* CourierService */,
				2735336C29CE43C600FF16CD /* Products */,
				24C09018AA6D841134D90D3D /* Pods */,
				906C22800EE8B231E4CC0BAA /* Frameworks */,
			);
			sourceTree = "<group>";
		};
		2735336C29CE43C600FF16CD /* Products */ = {
			isa = PBXGroup;
			children = (
				2735336B29CE43C600FF16CD /* Pod-Example.app */,
				2729764329CE52E500B31EEB /* CourierService.appex */,
			);
			name = Products;
			sourceTree = "<group>";
		};
		2735336D29CE43C600FF16CD /* Pod-Example */ = {
			isa = PBXGroup;
			children = (
				2735336E29CE43C600FF16CD /* AppDelegate.swift */,
				2735337029CE43C600FF16CD /* SceneDelegate.swift */,
				2735337229CE43C600FF16CD /* ViewController.swift */,
				2735337429CE43C600FF16CD /* Main.storyboard */,
				2735337729CE43C700FF16CD /* Assets.xcassets */,
				2735337929CE43C700FF16CD /* LaunchScreen.storyboard */,
				2735337C29CE43C700FF16CD /* Info.plist */,
			);
			path = "Pod-Example";
			sourceTree = "<group>";
		};
		906C22800EE8B231E4CC0BAA /* Frameworks */ = {
			isa = PBXGroup;
			children = (
				2729764F29CE52FE00B31EEB /* Courier_iOS.framework */,
				FB9F707E1EAC3A5B8FDFE6C6 /* Pods_Pod_Example.framework */,
				A86CD664119125DA34C8FCC3 /* Pods_CourierService.framework */,
			);
			name = Frameworks;
			sourceTree = "<group>";
		};
/* End PBXGroup section */

/* Begin PBXNativeTarget section */
		2729764229CE52E500B31EEB /* CourierService */ = {
			isa = PBXNativeTarget;
			buildConfigurationList = 2729764E29CE52E500B31EEB /* Build configuration list for PBXNativeTarget "CourierService" */;
			buildPhases = (
				557539E7C11325880064E725 /* [CP] Check Pods Manifest.lock */,
				2729763F29CE52E500B31EEB /* Sources */,
				2729764029CE52E500B31EEB /* Frameworks */,
				2729764129CE52E500B31EEB /* Resources */,
			);
			buildRules = (
			);
			dependencies = (
			);
			name = CourierService;
			productName = CourierService;
			productReference = 2729764329CE52E500B31EEB /* CourierService.appex */;
			productType = "com.apple.product-type.app-extension";
		};
		2735336A29CE43C600FF16CD /* Pod-Example */ = {
			isa = PBXNativeTarget;
			buildConfigurationList = 2735337F29CE43C700FF16CD /* Build configuration list for PBXNativeTarget "Pod-Example" */;
			buildPhases = (
				25F06D60CB48FEF0B3444E3B /* [CP] Check Pods Manifest.lock */,
				2735336729CE43C600FF16CD /* Sources */,
				2735336829CE43C600FF16CD /* Frameworks */,
				2735336929CE43C600FF16CD /* Resources */,
				2729764B29CE52E500B31EEB /* Embed Foundation Extensions */,
				CF1CEFCD336FABF33BE22C6B /* [CP] Embed Pods Frameworks */,
			);
			buildRules = (
			);
			dependencies = (
				2729764929CE52E500B31EEB /* PBXTargetDependency */,
			);
			name = "Pod-Example";
			productName = "Pod-Example";
			productReference = 2735336B29CE43C600FF16CD /* Pod-Example.app */;
			productType = "com.apple.product-type.application";
		};
/* End PBXNativeTarget section */

/* Begin PBXProject section */
		2735336329CE43C600FF16CD /* Project object */ = {
			isa = PBXProject;
			attributes = {
				BuildIndependentTargetsInParallel = 1;
				LastSwiftUpdateCheck = 1420;
				LastUpgradeCheck = 1420;
				TargetAttributes = {
					2729764229CE52E500B31EEB = {
						CreatedOnToolsVersion = 14.2;
					};
					2735336A29CE43C600FF16CD = {
						CreatedOnToolsVersion = 14.2;
					};
				};
			};
			buildConfigurationList = 2735336629CE43C600FF16CD /* Build configuration list for PBXProject "Pod-Example" */;
			compatibilityVersion = "Xcode 14.0";
			developmentRegion = en;
			hasScannedForEncodings = 0;
			knownRegions = (
				en,
				Base,
			);
			mainGroup = 2735336229CE43C600FF16CD;
			productRefGroup = 2735336C29CE43C600FF16CD /* Products */;
			projectDirPath = "";
			projectRoot = "";
			targets = (
				2735336A29CE43C600FF16CD /* Pod-Example */,
				2729764229CE52E500B31EEB /* CourierService */,
			);
		};
/* End PBXProject section */

/* Begin PBXResourcesBuildPhase section */
		2729764129CE52E500B31EEB /* Resources */ = {
			isa = PBXResourcesBuildPhase;
			buildActionMask = 2147483647;
			files = (
			);
			runOnlyForDeploymentPostprocessing = 0;
		};
		2735336929CE43C600FF16CD /* Resources */ = {
			isa = PBXResourcesBuildPhase;
			buildActionMask = 2147483647;
			files = (
				2735337B29CE43C700FF16CD /* LaunchScreen.storyboard in Resources */,
				2735337829CE43C700FF16CD /* Assets.xcassets in Resources */,
				2735337629CE43C600FF16CD /* Main.storyboard in Resources */,
			);
			runOnlyForDeploymentPostprocessing = 0;
		};
/* End PBXResourcesBuildPhase section */

/* Begin PBXShellScriptBuildPhase section */
		25F06D60CB48FEF0B3444E3B /* [CP] Check Pods Manifest.lock */ = {
			isa = PBXShellScriptBuildPhase;
			buildActionMask = 2147483647;
			files = (
			);
			inputFileListPaths = (
			);
			inputPaths = (
				"${PODS_PODFILE_DIR_PATH}/Podfile.lock",
				"${PODS_ROOT}/Manifest.lock",
			);
			name = "[CP] Check Pods Manifest.lock";
			outputFileListPaths = (
			);
			outputPaths = (
				"$(DERIVED_FILE_DIR)/Pods-Pod-Example-checkManifestLockResult.txt",
			);
			runOnlyForDeploymentPostprocessing = 0;
			shellPath = /bin/sh;
			shellScript = "diff \"${PODS_PODFILE_DIR_PATH}/Podfile.lock\" \"${PODS_ROOT}/Manifest.lock\" > /dev/null\nif [ $? != 0 ] ; then\n    # print error to STDERR\n    echo \"error: The sandbox is not in sync with the Podfile.lock. Run 'pod install' or update your CocoaPods installation.\" >&2\n    exit 1\nfi\n# This output is used by Xcode 'outputs' to avoid re-running this script phase.\necho \"SUCCESS\" > \"${SCRIPT_OUTPUT_FILE_0}\"\n";
			showEnvVarsInLog = 0;
		};
		557539E7C11325880064E725 /* [CP] Check Pods Manifest.lock */ = {
			isa = PBXShellScriptBuildPhase;
			buildActionMask = 2147483647;
			files = (
			);
			inputFileListPaths = (
			);
			inputPaths = (
				"${PODS_PODFILE_DIR_PATH}/Podfile.lock",
				"${PODS_ROOT}/Manifest.lock",
			);
			name = "[CP] Check Pods Manifest.lock";
			outputFileListPaths = (
			);
			outputPaths = (
				"$(DERIVED_FILE_DIR)/Pods-CourierService-checkManifestLockResult.txt",
			);
			runOnlyForDeploymentPostprocessing = 0;
			shellPath = /bin/sh;
			shellScript = "diff \"${PODS_PODFILE_DIR_PATH}/Podfile.lock\" \"${PODS_ROOT}/Manifest.lock\" > /dev/null\nif [ $? != 0 ] ; then\n    # print error to STDERR\n    echo \"error: The sandbox is not in sync with the Podfile.lock. Run 'pod install' or update your CocoaPods installation.\" >&2\n    exit 1\nfi\n# This output is used by Xcode 'outputs' to avoid re-running this script phase.\necho \"SUCCESS\" > \"${SCRIPT_OUTPUT_FILE_0}\"\n";
			showEnvVarsInLog = 0;
		};
		CF1CEFCD336FABF33BE22C6B /* [CP] Embed Pods Frameworks */ = {
			isa = PBXShellScriptBuildPhase;
			buildActionMask = 2147483647;
			files = (
			);
			inputFileListPaths = (
				"${PODS_ROOT}/Target Support Files/Pods-Pod-Example/Pods-Pod-Example-frameworks-${CONFIGURATION}-input-files.xcfilelist",
			);
			name = "[CP] Embed Pods Frameworks";
			outputFileListPaths = (
				"${PODS_ROOT}/Target Support Files/Pods-Pod-Example/Pods-Pod-Example-frameworks-${CONFIGURATION}-output-files.xcfilelist",
			);
			runOnlyForDeploymentPostprocessing = 0;
			shellPath = /bin/sh;
			shellScript = "\"${PODS_ROOT}/Target Support Files/Pods-Pod-Example/Pods-Pod-Example-frameworks.sh\"\n";
			showEnvVarsInLog = 0;
		};
/* End PBXShellScriptBuildPhase section */

/* Begin PBXSourcesBuildPhase section */
		2729763F29CE52E500B31EEB /* Sources */ = {
			isa = PBXSourcesBuildPhase;
			buildActionMask = 2147483647;
			files = (
				2729764629CE52E500B31EEB /* NotificationService.swift in Sources */,
			);
			runOnlyForDeploymentPostprocessing = 0;
		};
		2735336729CE43C600FF16CD /* Sources */ = {
			isa = PBXSourcesBuildPhase;
			buildActionMask = 2147483647;
			files = (
				2735337329CE43C600FF16CD /* ViewController.swift in Sources */,
				2735336F29CE43C600FF16CD /* AppDelegate.swift in Sources */,
				2735337129CE43C600FF16CD /* SceneDelegate.swift in Sources */,
			);
			runOnlyForDeploymentPostprocessing = 0;
		};
/* End PBXSourcesBuildPhase section */

/* Begin PBXTargetDependency section */
		2729764929CE52E500B31EEB /* PBXTargetDependency */ = {
			isa = PBXTargetDependency;
			target = 2729764229CE52E500B31EEB /* CourierService */;
			targetProxy = 2729764829CE52E500B31EEB /* PBXContainerItemProxy */;
		};
/* End PBXTargetDependency section */

/* Begin PBXVariantGroup section */
		2735337429CE43C600FF16CD /* Main.storyboard */ = {
			isa = PBXVariantGroup;
			children = (
				2735337529CE43C600FF16CD /* Base */,
			);
			name = Main.storyboard;
			sourceTree = "<group>";
		};
		2735337929CE43C700FF16CD /* LaunchScreen.storyboard */ = {
			isa = PBXVariantGroup;
			children = (
				2735337A29CE43C700FF16CD /* Base */,
			);
			name = LaunchScreen.storyboard;
			sourceTree = "<group>";
		};
/* End PBXVariantGroup section */

/* Begin XCBuildConfiguration section */
		2729764C29CE52E500B31EEB /* Debug */ = {
			isa = XCBuildConfiguration;
			baseConfigurationReference = 7E45B566C7CA5144A3D7E916 /* Pods-CourierService.debug.xcconfig */;
			buildSettings = {
				CODE_SIGN_STYLE = Automatic;
				CURRENT_PROJECT_VERSION = 1;
				DEVELOPMENT_TEAM = 83BJVWGX4Q;
				GENERATE_INFOPLIST_FILE = YES;
				INFOPLIST_FILE = CourierService/Info.plist;
				INFOPLIST_KEY_CFBundleDisplayName = CourierService;
				INFOPLIST_KEY_NSHumanReadableCopyright = "";
				IPHONEOS_DEPLOYMENT_TARGET = 13.0;
				LD_RUNPATH_SEARCH_PATHS = (
					"$(inherited)",
					"@executable_path/Frameworks",
					"@executable_path/../../Frameworks",
				);
				MARKETING_VERSION = 1.0;
				PRODUCT_BUNDLE_IDENTIFIER = "com.courier.ios-example.CourierService";
				PRODUCT_NAME = "$(TARGET_NAME)";
				SKIP_INSTALL = YES;
				SWIFT_EMIT_LOC_STRINGS = YES;
				SWIFT_VERSION = 5.0;
				TARGETED_DEVICE_FAMILY = "1,2";
			};
			name = Debug;
		};
		2729764D29CE52E500B31EEB /* Release */ = {
			isa = XCBuildConfiguration;
			baseConfigurationReference = 18E9C55639575F3454885D12 /* Pods-CourierService.release.xcconfig */;
			buildSettings = {
				CODE_SIGN_STYLE = Automatic;
				CURRENT_PROJECT_VERSION = 1;
				DEVELOPMENT_TEAM = 83BJVWGX4Q;
				GENERATE_INFOPLIST_FILE = YES;
				INFOPLIST_FILE = CourierService/Info.plist;
				INFOPLIST_KEY_CFBundleDisplayName = CourierService;
				INFOPLIST_KEY_NSHumanReadableCopyright = "";
				IPHONEOS_DEPLOYMENT_TARGET = 13.0;
				LD_RUNPATH_SEARCH_PATHS = (
					"$(inherited)",
					"@executable_path/Frameworks",
					"@executable_path/../../Frameworks",
				);
				MARKETING_VERSION = 1.0;
				PRODUCT_BUNDLE_IDENTIFIER = "com.courier.ios-example.CourierService";
				PRODUCT_NAME = "$(TARGET_NAME)";
				SKIP_INSTALL = YES;
				SWIFT_EMIT_LOC_STRINGS = YES;
				SWIFT_VERSION = 5.0;
				TARGETED_DEVICE_FAMILY = "1,2";
			};
			name = Release;
		};
		2735337D29CE43C700FF16CD /* Debug */ = {
			isa = XCBuildConfiguration;
			buildSettings = {
				ALWAYS_SEARCH_USER_PATHS = NO;
				CLANG_ANALYZER_NONNULL = YES;
				CLANG_ANALYZER_NUMBER_OBJECT_CONVERSION = YES_AGGRESSIVE;
				CLANG_CXX_LANGUAGE_STANDARD = "gnu++20";
				CLANG_ENABLE_MODULES = YES;
				CLANG_ENABLE_OBJC_ARC = YES;
				CLANG_ENABLE_OBJC_WEAK = YES;
				CLANG_WARN_BLOCK_CAPTURE_AUTORELEASING = YES;
				CLANG_WARN_BOOL_CONVERSION = YES;
				CLANG_WARN_COMMA = YES;
				CLANG_WARN_CONSTANT_CONVERSION = YES;
				CLANG_WARN_DEPRECATED_OBJC_IMPLEMENTATIONS = YES;
				CLANG_WARN_DIRECT_OBJC_ISA_USAGE = YES_ERROR;
				CLANG_WARN_DOCUMENTATION_COMMENTS = YES;
				CLANG_WARN_EMPTY_BODY = YES;
				CLANG_WARN_ENUM_CONVERSION = YES;
				CLANG_WARN_INFINITE_RECURSION = YES;
				CLANG_WARN_INT_CONVERSION = YES;
				CLANG_WARN_NON_LITERAL_NULL_CONVERSION = YES;
				CLANG_WARN_OBJC_IMPLICIT_RETAIN_SELF = YES;
				CLANG_WARN_OBJC_LITERAL_CONVERSION = YES;
				CLANG_WARN_OBJC_ROOT_CLASS = YES_ERROR;
				CLANG_WARN_QUOTED_INCLUDE_IN_FRAMEWORK_HEADER = YES;
				CLANG_WARN_RANGE_LOOP_ANALYSIS = YES;
				CLANG_WARN_STRICT_PROTOTYPES = YES;
				CLANG_WARN_SUSPICIOUS_MOVE = YES;
				CLANG_WARN_UNGUARDED_AVAILABILITY = YES_AGGRESSIVE;
				CLANG_WARN_UNREACHABLE_CODE = YES;
				CLANG_WARN__DUPLICATE_METHOD_MATCH = YES;
				COPY_PHASE_STRIP = NO;
				DEBUG_INFORMATION_FORMAT = dwarf;
				ENABLE_STRICT_OBJC_MSGSEND = YES;
				ENABLE_TESTABILITY = YES;
				GCC_C_LANGUAGE_STANDARD = gnu11;
				GCC_DYNAMIC_NO_PIC = NO;
				GCC_NO_COMMON_BLOCKS = YES;
				GCC_OPTIMIZATION_LEVEL = 0;
				GCC_PREPROCESSOR_DEFINITIONS = (
					"DEBUG=1",
					"$(inherited)",
				);
				GCC_WARN_64_TO_32_BIT_CONVERSION = YES;
				GCC_WARN_ABOUT_RETURN_TYPE = YES_ERROR;
				GCC_WARN_UNDECLARED_SELECTOR = YES;
				GCC_WARN_UNINITIALIZED_AUTOS = YES_AGGRESSIVE;
				GCC_WARN_UNUSED_FUNCTION = YES;
				GCC_WARN_UNUSED_VARIABLE = YES;
				IPHONEOS_DEPLOYMENT_TARGET = 16.2;
				MTL_ENABLE_DEBUG_INFO = INCLUDE_SOURCE;
				MTL_FAST_MATH = YES;
				ONLY_ACTIVE_ARCH = YES;
				SDKROOT = iphoneos;
				SWIFT_ACTIVE_COMPILATION_CONDITIONS = DEBUG;
				SWIFT_OPTIMIZATION_LEVEL = "-Onone";
			};
			name = Debug;
		};
		2735337E29CE43C700FF16CD /* Release */ = {
			isa = XCBuildConfiguration;
			buildSettings = {
				ALWAYS_SEARCH_USER_PATHS = NO;
				CLANG_ANALYZER_NONNULL = YES;
				CLANG_ANALYZER_NUMBER_OBJECT_CONVERSION = YES_AGGRESSIVE;
				CLANG_CXX_LANGUAGE_STANDARD = "gnu++20";
				CLANG_ENABLE_MODULES = YES;
				CLANG_ENABLE_OBJC_ARC = YES;
				CLANG_ENABLE_OBJC_WEAK = YES;
				CLANG_WARN_BLOCK_CAPTURE_AUTORELEASING = YES;
				CLANG_WARN_BOOL_CONVERSION = YES;
				CLANG_WARN_COMMA = YES;
				CLANG_WARN_CONSTANT_CONVERSION = YES;
				CLANG_WARN_DEPRECATED_OBJC_IMPLEMENTATIONS = YES;
				CLANG_WARN_DIRECT_OBJC_ISA_USAGE = YES_ERROR;
				CLANG_WARN_DOCUMENTATION_COMMENTS = YES;
				CLANG_WARN_EMPTY_BODY = YES;
				CLANG_WARN_ENUM_CONVERSION = YES;
				CLANG_WARN_INFINITE_RECURSION = YES;
				CLANG_WARN_INT_CONVERSION = YES;
				CLANG_WARN_NON_LITERAL_NULL_CONVERSION = YES;
				CLANG_WARN_OBJC_IMPLICIT_RETAIN_SELF = YES;
				CLANG_WARN_OBJC_LITERAL_CONVERSION = YES;
				CLANG_WARN_OBJC_ROOT_CLASS = YES_ERROR;
				CLANG_WARN_QUOTED_INCLUDE_IN_FRAMEWORK_HEADER = YES;
				CLANG_WARN_RANGE_LOOP_ANALYSIS = YES;
				CLANG_WARN_STRICT_PROTOTYPES = YES;
				CLANG_WARN_SUSPICIOUS_MOVE = YES;
				CLANG_WARN_UNGUARDED_AVAILABILITY = YES_AGGRESSIVE;
				CLANG_WARN_UNREACHABLE_CODE = YES;
				CLANG_WARN__DUPLICATE_METHOD_MATCH = YES;
				COPY_PHASE_STRIP = NO;
				DEBUG_INFORMATION_FORMAT = "dwarf-with-dsym";
				ENABLE_NS_ASSERTIONS = NO;
				ENABLE_STRICT_OBJC_MSGSEND = YES;
				GCC_C_LANGUAGE_STANDARD = gnu11;
				GCC_NO_COMMON_BLOCKS = YES;
				GCC_WARN_64_TO_32_BIT_CONVERSION = YES;
				GCC_WARN_ABOUT_RETURN_TYPE = YES_ERROR;
				GCC_WARN_UNDECLARED_SELECTOR = YES;
				GCC_WARN_UNINITIALIZED_AUTOS = YES_AGGRESSIVE;
				GCC_WARN_UNUSED_FUNCTION = YES;
				GCC_WARN_UNUSED_VARIABLE = YES;
				IPHONEOS_DEPLOYMENT_TARGET = 16.2;
				MTL_ENABLE_DEBUG_INFO = NO;
				MTL_FAST_MATH = YES;
				SDKROOT = iphoneos;
				SWIFT_COMPILATION_MODE = wholemodule;
				SWIFT_OPTIMIZATION_LEVEL = "-O";
				VALIDATE_PRODUCT = YES;
			};
			name = Release;
		};
		2735338029CE43C700FF16CD /* Debug */ = {
			isa = XCBuildConfiguration;
			baseConfigurationReference = 338ECF0B2B906699DFD30CCA /* Pods-Pod-Example.debug.xcconfig */;
			buildSettings = {
				ALWAYS_EMBED_SWIFT_STANDARD_LIBRARIES = YES;
				ASSETCATALOG_COMPILER_APPICON_NAME = AppIcon;
				ASSETCATALOG_COMPILER_GLOBAL_ACCENT_COLOR_NAME = AccentColor;
				CODE_SIGN_STYLE = Automatic;
				CURRENT_PROJECT_VERSION = 1;
				DEVELOPMENT_TEAM = 83BJVWGX4Q;
				GENERATE_INFOPLIST_FILE = YES;
				INFOPLIST_FILE = "Pod-Example/Info.plist";
				INFOPLIST_KEY_UIApplicationSupportsIndirectInputEvents = YES;
				INFOPLIST_KEY_UILaunchStoryboardName = LaunchScreen;
				INFOPLIST_KEY_UIMainStoryboardFile = Main;
				INFOPLIST_KEY_UISupportedInterfaceOrientations_iPad = "UIInterfaceOrientationPortrait UIInterfaceOrientationPortraitUpsideDown UIInterfaceOrientationLandscapeLeft UIInterfaceOrientationLandscapeRight";
				INFOPLIST_KEY_UISupportedInterfaceOrientations_iPhone = "UIInterfaceOrientationPortrait UIInterfaceOrientationLandscapeLeft UIInterfaceOrientationLandscapeRight";
				IPHONEOS_DEPLOYMENT_TARGET = 13.0;
				LD_RUNPATH_SEARCH_PATHS = (
					"$(inherited)",
					"@executable_path/Frameworks",
				);
				MARKETING_VERSION = 1.0;
				PRODUCT_BUNDLE_IDENTIFIER = "com.courier.ios-example";
				PRODUCT_NAME = "$(TARGET_NAME)";
				SWIFT_EMIT_LOC_STRINGS = YES;
				SWIFT_VERSION = 5.0;
				TARGETED_DEVICE_FAMILY = "1,2";
			};
			name = Debug;
		};
		2735338129CE43C700FF16CD /* Release */ = {
			isa = XCBuildConfiguration;
			baseConfigurationReference = 58D3458B1C003EC3F2DF96DF /* Pods-Pod-Example.release.xcconfig */;
			buildSettings = {
				ALWAYS_EMBED_SWIFT_STANDARD_LIBRARIES = YES;
				ASSETCATALOG_COMPILER_APPICON_NAME = AppIcon;
				ASSETCATALOG_COMPILER_GLOBAL_ACCENT_COLOR_NAME = AccentColor;
				CODE_SIGN_STYLE = Automatic;
				CURRENT_PROJECT_VERSION = 1;
				DEVELOPMENT_TEAM = 83BJVWGX4Q;
				GENERATE_INFOPLIST_FILE = YES;
				INFOPLIST_FILE = "Pod-Example/Info.plist";
				INFOPLIST_KEY_UIApplicationSupportsIndirectInputEvents = YES;
				INFOPLIST_KEY_UILaunchStoryboardName = LaunchScreen;
				INFOPLIST_KEY_UIMainStoryboardFile = Main;
				INFOPLIST_KEY_UISupportedInterfaceOrientations_iPad = "UIInterfaceOrientationPortrait UIInterfaceOrientationPortraitUpsideDown UIInterfaceOrientationLandscapeLeft UIInterfaceOrientationLandscapeRight";
				INFOPLIST_KEY_UISupportedInterfaceOrientations_iPhone = "UIInterfaceOrientationPortrait UIInterfaceOrientationLandscapeLeft UIInterfaceOrientationLandscapeRight";
				IPHONEOS_DEPLOYMENT_TARGET = 13.0;
				LD_RUNPATH_SEARCH_PATHS = (
					"$(inherited)",
					"@executable_path/Frameworks",
				);
				MARKETING_VERSION = 1.0;
				PRODUCT_BUNDLE_IDENTIFIER = "com.courier.ios-example";
				PRODUCT_NAME = "$(TARGET_NAME)";
				SWIFT_EMIT_LOC_STRINGS = YES;
				SWIFT_VERSION = 5.0;
				TARGETED_DEVICE_FAMILY = "1,2";
			};
			name = Release;
		};
/* End XCBuildConfiguration section */

/* Begin XCConfigurationList section */
		2729764E29CE52E500B31EEB /* Build configuration list for PBXNativeTarget "CourierService" */ = {
			isa = XCConfigurationList;
			buildConfigurations = (
				2729764C29CE52E500B31EEB /* Debug */,
				2729764D29CE52E500B31EEB /* Release */,
			);
			defaultConfigurationIsVisible = 0;
			defaultConfigurationName = Release;
		};
		2735336629CE43C600FF16CD /* Build configuration list for PBXProject "Pod-Example" */ = {
			isa = XCConfigurationList;
			buildConfigurations = (
				2735337D29CE43C700FF16CD /* Debug */,
				2735337E29CE43C700FF16CD /* Release */,
			);
			defaultConfigurationIsVisible = 0;
			defaultConfigurationName = Release;
		};
		2735337F29CE43C700FF16CD /* Build configuration list for PBXNativeTarget "Pod-Example" */ = {
			isa = XCConfigurationList;
			buildConfigurations = (
				2735338029CE43C700FF16CD /* Debug */,
				2735338129CE43C700FF16CD /* Release */,
			);
			defaultConfigurationIsVisible = 0;
			defaultConfigurationName = Release;
		};
/* End XCConfigurationList section */
	};
	rootObject = 2735336329CE43C600FF16CD /* Project object */;
}
