{
  "pins" : [
    {
      "identity" : "courier-ios",
      "kind" : "remoteSourceControl",
      "location" : "https://github.com/trycourier/courier-ios",
      "state" : {
        "branch" : "master",
        "revision" : "72f1f42b7c0050c1144a89692928d38b9a87ef9b"
      }
    }
  ],
  "version" : 2
}
