{
  "pins" : [
    {
      "identity" : "courier-ios",
      "kind" : "remoteSourceControl",
      "location" : "https://github.com/trycourier/courier-ios",
      "state" : {
        "branch" : "master",
        "revision" : "0afbef6e0ecb25d442b045414dcaadc0381ce972"
      }
    }
  ],
  "version" : 2
}
