{
  "pins" : [
    {
      "identity" : "courier-ios",
      "kind" : "remoteSourceControl",
      "location" : "https://github.com/trycourier/courier-ios",
      "state" : {
        "branch" : "master",
        "revision" : "a65dd49ff89022394e71c387adffd99f01f4e65e"
      }
    }
  ],
  "version" : 2
}
