{
  "pins" : [
    {
      "identity" : "courier-ios",
      "kind" : "remoteSourceControl",
      "location" : "https://github.com/trycourier/courier-ios",
      "state" : {
        "branch" : "master",
        "revision" : "4d4d811e420609d96b874505f1128fcba3515ccf"
      }
    }
  ],
  "version" : 2
}
