{
  "pins" : [
    {
      "identity" : "courier-ios",
      "kind" : "remoteSourceControl",
      "location" : "https://github.com/trycourier/courier-ios",
      "state" : {
        "branch" : "feature/user-management",
        "revision" : "8fa899a1939cd7191dd890595651b29f6ba58ef3"
      }
    }
  ],
  "version" : 2
}
