{
  "pins" : [
    {
      "identity" : "courier-ios",
      "kind" : "remoteSourceControl",
      "location" : "https://github.com/trycourier/courier-ios",
      "state" : {
        "branch" : "feature/user-management",
        "revision" : "0d4e01cb0744484e6cb5597af80a990c7204d950"
      }
    }
  ],
  "version" : 2
}
