PODS:
  - Courier_iOS (2.0.07)

DEPENDENCIES:
  - Courier_iOS (from `https://github.com/trycourier/courier-ios.git`, branch `feature/pod-inbox`)

EXTERNAL SOURCES:
  Courier_iOS:
    :branch: feature/pod-inbox
    :git: https://github.com/trycourier/courier-ios.git

CHECKOUT OPTIONS:
  Courier_iOS:
    :commit: 9ec7bd3ccf66372583317d9078c85fb4f28cfb52
    :git: https://github.com/trycourier/courier-ios.git

SPEC CHECKSUMS:
  Courier_iOS: c9a1622dde59de1fbe413ebaa75ef640d504e344

PODFILE CHECKSUM: 371d0bfc9d19a3c18f63b65f6a171349910d04e1

COCOAPODS: 1.12.0
