PODS:
  - Courier_iOS (2.0.07)

DEPENDENCIES:
  - Courier_iOS (from `https://github.com/trycourier/courier-ios.git`, branch `feature/pod-inbox`)

EXTERNAL SOURCES:
  Courier_iOS:
    :branch: feature/pod-inbox
    :git: https://github.com/trycourier/courier-ios.git

CHECKOUT OPTIONS:
  Courier_iOS:
    :commit: 75934953d3d574f44a1a7cc1462e0cf7b9884e24
    :git: https://github.com/trycourier/courier-ios.git

SPEC CHECKSUMS:
  Courier_iOS: ca499a42deed03565f54c19b7acdc91576775345

PODFILE CHECKSUM: 371d0bfc9d19a3c18f63b65f6a171349910d04e1

COCOAPODS: 1.12.0
