// !$*UTF8*$!
{
	archiveVersion = 1;
	classes = {
	};
	objectVersion = 55;
	objects = {

/* Begin PBXBuildFile section */
		2731E5B528A69DA600A1531B /* AppDelegate.swift in Sources */ = {isa = PBXBuildFile; fileRef = 2731E5B428A69DA600A1531B /* AppDelegate.swift */; };
		2731E5B728A69DA600A1531B /* SceneDelegate.swift in Sources */ = {isa = PBXBuildFile; fileRef = 2731E5B628A69DA600A1531B /* SceneDelegate.swift */; };
		2731E5B928A69DA600A1531B /* ViewController.swift in Sources */ = {isa = PBXBuildFile; fileRef = 2731E5B828A69DA600A1531B /* ViewController.swift */; };
		2731E5BC28A69DA600A1531B /* Main.storyboard in Resources */ = {isa = PBXBuildFile; fileRef = 2731E5BA28A69DA600A1531B /* Main.storyboard */; };
		2731E5BE28A69DA900A1531B /* Assets.xcassets in Resources */ = {isa = PBXBuildFile; fileRef = 2731E5BD28A69DA900A1531B /* Assets.xcassets */; };
		2731E5C128A69DA900A1531B /* LaunchScreen.storyboard in Resources */ = {isa = PBXBuildFile; fileRef = 2731E5BF28A69DA900A1531B /* LaunchScreen.storyboard */; };
		2731E5CA28A69E0400A1531B /* Courier in Frameworks */ = {isa = PBXBuildFile; productRef = 2731E5C928A69E0400A1531B /* Courier */; };
		2731E5D328A6A5A200A1531B /* NotificationService.swift in Sources */ = {isa = PBXBuildFile; fileRef = 2731E5D228A6A5A200A1531B /* NotificationService.swift */; };
		2731E5D728A6A5A200A1531B /* CourierService.appex in Embed App Extensions */ = {isa = PBXBuildFile; fileRef = 2731E5D028A6A5A200A1531B /* CourierService.appex */; settings = {ATTRIBUTES = (RemoveHeadersOnCopy, ); }; };
		2731E5DE28A6A5B000A1531B /* Courier in Frameworks */ = {isa = PBXBuildFile; productRef = 2731E5DD28A6A5B000A1531B /* Courier */; };
/* End PBXBuildFile section */

/* Begin PBXContainerItemProxy section */
		2731E5D528A6A5A200A1531B /* PBXContainerItemProxy */ = {
			isa = PBXContainerItemProxy;
			containerPortal = 2731E5A928A69DA600A1531B /* Project object */;
			proxyType = 1;
			remoteGlobalIDString = 2731E5CF28A6A5A200A1531B;
			remoteInfo = CourierService;
		};
/* End PBXContainerItemProxy section */

/* Begin PBXCopyFilesBuildPhase section */
		2731E5DB28A6A5A200A1531B /* Embed App Extensions */ = {
			isa = PBXCopyFilesBuildPhase;
			buildActionMask = 2147483647;
			dstPath = "";
			dstSubfolderSpec = 13;
			files = (
				2731E5D728A6A5A200A1531B /* CourierService.appex in Embed App Extensions */,
			);
			name = "Embed App Extensions";
			runOnlyForDeploymentPostprocessing = 0;
		};
/* End PBXCopyFilesBuildPhase section */

/* Begin PBXFileReference section */
		2731E5B128A69DA600A1531B /* Swift+Storyboard+APNS.app */ = {isa = PBXFileReference; explicitFileType = wrapper.application; includeInIndex = 0; path = "Swift+Storyboard+APNS.app"; sourceTree = BUILT_PRODUCTS_DIR; };
		2731E5B428A69DA600A1531B /* AppDelegate.swift */ = {isa = PBXFileReference; lastKnownFileType = sourcecode.swift; path = AppDelegate.swift; sourceTree = "<group>"; };
		2731E5B628A69DA600A1531B /* SceneDelegate.swift */ = {isa = PBXFileReference; lastKnownFileType = sourcecode.swift; path = SceneDelegate.swift; sourceTree = "<group>"; };
		2731E5B828A69DA600A1531B /* ViewController.swift */ = {isa = PBXFileReference; lastKnownFileType = sourcecode.swift; path = ViewController.swift; sourceTree = "<group>"; };
		2731E5BB28A69DA600A1531B /* Base */ = {isa = PBXFileReference; lastKnownFileType = file.storyboard; name = Base; path = Base.lproj/Main.storyboard; sourceTree = "<group>"; };
		2731E5BD28A69DA900A1531B /* Assets.xcassets */ = {isa = PBXFileReference; lastKnownFileType = folder.assetcatalog; path = Assets.xcassets; sourceTree = "<group>"; };
		2731E5C028A69DA900A1531B /* Base */ = {isa = PBXFileReference; lastKnownFileType = file.storyboard; name = Base; path = Base.lproj/LaunchScreen.storyboard; sourceTree = "<group>"; };
		2731E5C228A69DA900A1531B /* Info.plist */ = {isa = PBXFileReference; lastKnownFileType = text.plist.xml; path = Info.plist; sourceTree = "<group>"; };
		2731E5CB28A69E0D00A1531B /* Swift+Storyboard+APNS.entitlements */ = {isa = PBXFileReference; lastKnownFileType = text.plist.entitlements; path = "Swift+Storyboard+APNS.entitlements"; sourceTree = "<group>"; };
		2731E5D028A6A5A200A1531B /* CourierService.appex */ = {isa = PBXFileReference; explicitFileType = "wrapper.app-extension"; includeInIndex = 0; path = CourierService.appex; sourceTree = BUILT_PRODUCTS_DIR; };
		2731E5D228A6A5A200A1531B /* NotificationService.swift */ = {isa = PBXFileReference; lastKnownFileType = sourcecode.swift; path = NotificationService.swift; sourceTree = "<group>"; };
		2731E5D428A6A5A200A1531B /* Info.plist */ = {isa = PBXFileReference; lastKnownFileType = text.plist.xml; path = Info.plist; sourceTree = "<group>"; };
/* End PBXFileReference section */

/* Begin PBXFrameworksBuildPhase section */
		2731E5AE28A69DA600A1531B /* Frameworks */ = {
			isa = PBXFrameworksBuildPhase;
			buildActionMask = 2147483647;
			files = (
				2731E5CA28A69E0400A1531B /* Courier in Frameworks */,
			);
			runOnlyForDeploymentPostprocessing = 0;
		};
		2731E5CD28A6A5A200A1531B /* Frameworks */ = {
			isa = PBXFrameworksBuildPhase;
			buildActionMask = 2147483647;
			files = (
				2731E5DE28A6A5B000A1531B /* Courier in Frameworks */,
			);
			runOnlyForDeploymentPostprocessing = 0;
		};
/* End PBXFrameworksBuildPhase section */

/* Begin PBXGroup section */
		2731E5A828A69DA600A1531B = {
			isa = PBXGroup;
			children = (
				2731E5B328A69DA600A1531B /* Swift+Storyboard+APNS */,
				2731E5D128A6A5A200A1531B /* CourierService */,
				2731E5B228A69DA600A1531B /* Products */,
				2731E5DC28A6A5B000A1531B /* Frameworks */,
			);
			sourceTree = "<group>";
		};
		2731E5B228A69DA600A1531B /* Products */ = {
			isa = PBXGroup;
			children = (
				2731E5B128A69DA600A1531B /* Swift+Storyboard+APNS.app */,
				2731E5D028A6A5A200A1531B /* CourierService.appex */,
			);
			name = Products;
			sourceTree = "<group>";
		};
		2731E5B328A69DA600A1531B /* Swift+Storyboard+APNS */ = {
			isa = PBXGroup;
			children = (
				2731E5CB28A69E0D00A1531B /* Swift+Storyboard+APNS.entitlements */,
				2731E5B428A69DA600A1531B /* AppDelegate.swift */,
				2731E5B628A69DA600A1531B /* SceneDelegate.swift */,
				2731E5B828A69DA600A1531B /* ViewController.swift */,
				2731E5BA28A69DA600A1531B /* Main.storyboard */,
				2731E5BD28A69DA900A1531B /* Assets.xcassets */,
				2731E5BF28A69DA900A1531B /* LaunchScreen.storyboard */,
				2731E5C228A69DA900A1531B /* Info.plist */,
			);
			path = "Swift+Storyboard+APNS";
			sourceTree = "<group>";
		};
		2731E5D128A6A5A200A1531B /* CourierService */ = {
			isa = PBXGroup;
			children = (
				2731E5D228A6A5A200A1531B /* NotificationService.swift */,
				2731E5D428A6A5A200A1531B /* Info.plist */,
			);
			path = CourierService;
			sourceTree = "<group>";
		};
		2731E5DC28A6A5B000A1531B /* Frameworks */ = {
			isa = PBXGroup;
			children = (
			);
			name = Frameworks;
			sourceTree = "<group>";
		};
/* End PBXGroup section */

/* Begin PBXNativeTarget section */
		2731E5B028A69DA600A1531B /* Swift+Storyboard+APNS */ = {
			isa = PBXNativeTarget;
			buildConfigurationList = 2731E5C528A69DA900A1531B /* Build configuration list for PBXNativeTarget "Swift+Storyboard+APNS" */;
			buildPhases = (
				2731E5AD28A69DA600A1531B /* Sources */,
				2731E5AE28A69DA600A1531B /* Frameworks */,
				2731E5AF28A69DA600A1531B /* Resources */,
				2731E5DB28A6A5A200A1531B /* Embed App Extensions */,
			);
			buildRules = (
			);
			dependencies = (
				2731E5D628A6A5A200A1531B /* PBXTargetDependency */,
			);
			name = "Swift+Storyboard+APNS";
			packageProductDependencies = (
				2731E5C928A69E0400A1531B /* Courier */,
			);
			productName = "Swift+Storyboard+APNS";
			productReference = 2731E5B128A69DA600A1531B /* Swift+Storyboard+APNS.app */;
			productType = "com.apple.product-type.application";
		};
		2731E5CF28A6A5A200A1531B /* CourierService */ = {
			isa = PBXNativeTarget;
			buildConfigurationList = 2731E5D828A6A5A200A1531B /* Build configuration list for PBXNativeTarget "CourierService" */;
			buildPhases = (
				2731E5CC28A6A5A200A1531B /* Sources */,
				2731E5CD28A6A5A200A1531B /* Frameworks */,
				2731E5CE28A6A5A200A1531B /* Resources */,
			);
			buildRules = (
			);
			dependencies = (
			);
			name = CourierService;
			packageProductDependencies = (
				2731E5DD28A6A5B000A1531B /* Courier */,
			);
			productName = CourierService;
			productReference = 2731E5D028A6A5A200A1531B /* CourierService.appex */;
			productType = "com.apple.product-type.app-extension";
		};
/* End PBXNativeTarget section */

/* Begin PBXProject section */
		2731E5A928A69DA600A1531B /* Project object */ = {
			isa = PBXProject;
			attributes = {
				BuildIndependentTargetsInParallel = 1;
				LastSwiftUpdateCheck = 1340;
				LastUpgradeCheck = 1340;
				TargetAttributes = {
					2731E5B028A69DA600A1531B = {
						CreatedOnToolsVersion = 13.4.1;
					};
					2731E5CF28A6A5A200A1531B = {
						CreatedOnToolsVersion = 13.4.1;
					};
				};
			};
			buildConfigurationList = 2731E5AC28A69DA600A1531B /* Build configuration list for PBXProject "Swift+Storyboard+APNS" */;
			compatibilityVersion = "Xcode 13.0";
			developmentRegion = en;
			hasScannedForEncodings = 0;
			knownRegions = (
				en,
				Base,
			);
			mainGroup = 2731E5A828A69DA600A1531B;
			packageReferences = (
				2731E5C828A69E0400A1531B /* XCRemoteSwiftPackageReference "courier-ios" */,
			);
			productRefGroup = 2731E5B228A69DA600A1531B /* Products */;
			projectDirPath = "";
			projectRoot = "";
			targets = (
				2731E5B028A69DA600A1531B /* Swift+Storyboard+APNS */,
				2731E5CF28A6A5A200A1531B /* CourierService */,
			);
		};
/* End PBXProject section */

/* Begin PBXResourcesBuildPhase section */
		2731E5AF28A69DA600A1531B /* Resources */ = {
			isa = PBXResourcesBuildPhase;
			buildActionMask = 2147483647;
			files = (
				2731E5C128A69DA900A1531B /* LaunchScreen.storyboard in Resources */,
				2731E5BE28A69DA900A1531B /* Assets.xcassets in Resources */,
				2731E5BC28A69DA600A1531B /* Main.storyboard in Resources */,
			);
			runOnlyForDeploymentPostprocessing = 0;
		};
		2731E5CE28A6A5A200A1531B /* Resources */ = {
			isa = PBXResourcesBuildPhase;
			buildActionMask = 2147483647;
			files = (
			);
			runOnlyForDeploymentPostprocessing = 0;
		};
/* End PBXResourcesBuildPhase section */

/* Begin PBXSourcesBuildPhase section */
		2731E5AD28A69DA600A1531B /* Sources */ = {
			isa = PBXSourcesBuildPhase;
			buildActionMask = 2147483647;
			files = (
				2731E5B928A69DA600A1531B /* ViewController.swift in Sources */,
				2731E5B528A69DA600A1531B /* AppDelegate.swift in Sources */,
				2731E5B728A69DA600A1531B /* SceneDelegate.swift in Sources */,
			);
			runOnlyForDeploymentPostprocessing = 0;
		};
		2731E5CC28A6A5A200A1531B /* Sources */ = {
			isa = PBXSourcesBuildPhase;
			buildActionMask = 2147483647;
			files = (
				2731E5D328A6A5A200A1531B /* NotificationService.swift in Sources */,
			);
			runOnlyForDeploymentPostprocessing = 0;
		};
/* End PBXSourcesBuildPhase section */

/* Begin PBXTargetDependency section */
		2731E5D628A6A5A200A1531B /* PBXTargetDependency */ = {
			isa = PBXTargetDependency;
			target = 2731E5CF28A6A5A200A1531B /* CourierService */;
			targetProxy = 2731E5D528A6A5A200A1531B /* PBXContainerItemProxy */;
		};
/* End PBXTargetDependency section */

/* Begin PBXVariantGroup section */
		2731E5BA28A69DA600A1531B /* Main.storyboard */ = {
			isa = PBXVariantGroup;
			children = (
				2731E5BB28A69DA600A1531B /* Base */,
			);
			name = Main.storyboard;
			sourceTree = "<group>";
		};
		2731E5BF28A69DA900A1531B /* LaunchScreen.storyboard */ = {
			isa = PBXVariantGroup;
			children = (
				2731E5C028A69DA900A1531B /* Base */,
			);
			name = LaunchScreen.storyboard;
			sourceTree = "<group>";
		};
/* End PBXVariantGroup section */

/* Begin XCBuildConfiguration section */
		2731E5C328A69DA900A1531B /* Debug */ = {
			isa = XCBuildConfiguration;
			buildSettings = {
				ALWAYS_SEARCH_USER_PATHS = NO;
				CLANG_ANALYZER_NONNULL = YES;
				CLANG_ANALYZER_NUMBER_OBJECT_CONVERSION = YES_AGGRESSIVE;
				CLANG_CXX_LANGUAGE_STANDARD = "gnu++17";
				CLANG_ENABLE_MODULES = YES;
				CLANG_ENABLE_OBJC_ARC = YES;
				CLANG_ENABLE_OBJC_WEAK = YES;
				CLANG_WARN_BLOCK_CAPTURE_AUTORELEASING = YES;
				CLANG_WARN_BOOL_CONVERSION = YES;
				CLANG_WARN_COMMA = YES;
				CLANG_WARN_CONSTANT_CONVERSION = YES;
				CLANG_WARN_DEPRECATED_OBJC_IMPLEMENTATIONS = YES;
				CLANG_WARN_DIRECT_OBJC_ISA_USAGE = YES_ERROR;
				CLANG_WARN_DOCUMENTATION_COMMENTS = YES;
				CLANG_WARN_EMPTY_BODY = YES;
				CLANG_WARN_ENUM_CONVERSION = YES;
				CLANG_WARN_INFINITE_RECURSION = YES;
				CLANG_WARN_INT_CONVERSION = YES;
				CLANG_WARN_NON_LITERAL_NULL_CONVERSION = YES;
				CLANG_WARN_OBJC_IMPLICIT_RETAIN_SELF = YES;
				CLANG_WARN_OBJC_LITERAL_CONVERSION = YES;
				CLANG_WARN_OBJC_ROOT_CLASS = YES_ERROR;
				CLANG_WARN_QUOTED_INCLUDE_IN_FRAMEWORK_HEADER = YES;
				CLANG_WARN_RANGE_LOOP_ANALYSIS = YES;
				CLANG_WARN_STRICT_PROTOTYPES = YES;
				CLANG_WARN_SUSPICIOUS_MOVE = YES;
				CLANG_WARN_UNGUARDED_AVAILABILITY = YES_AGGRESSIVE;
				CLANG_WARN_UNREACHABLE_CODE = YES;
				CLANG_WARN__DUPLICATE_METHOD_MATCH = YES;
				COPY_PHASE_STRIP = NO;
				DEBUG_INFORMATION_FORMAT = dwarf;
				ENABLE_STRICT_OBJC_MSGSEND = YES;
				ENABLE_TESTABILITY = YES;
				GCC_C_LANGUAGE_STANDARD = gnu11;
				GCC_DYNAMIC_NO_PIC = NO;
				GCC_NO_COMMON_BLOCKS = YES;
				GCC_OPTIMIZATION_LEVEL = 0;
				GCC_PREPROCESSOR_DEFINITIONS = (
					"DEBUG=1",
					"$(inherited)",
				);
				GCC_WARN_64_TO_32_BIT_CONVERSION = YES;
				GCC_WARN_ABOUT_RETURN_TYPE = YES_ERROR;
				GCC_WARN_UNDECLARED_SELECTOR = YES;
				GCC_WARN_UNINITIALIZED_AUTOS = YES_AGGRESSIVE;
				GCC_WARN_UNUSED_FUNCTION = YES;
				GCC_WARN_UNUSED_VARIABLE = YES;
				IPHONEOS_DEPLOYMENT_TARGET = 15.5;
				MTL_ENABLE_DEBUG_INFO = INCLUDE_SOURCE;
				MTL_FAST_MATH = YES;
				ONLY_ACTIVE_ARCH = YES;
				SDKROOT = iphoneos;
				SWIFT_ACTIVE_COMPILATION_CONDITIONS = DEBUG;
				SWIFT_OPTIMIZATION_LEVEL = "-Onone";
			};
			name = Debug;
		};
		2731E5C428A69DA900A1531B /* Release */ = {
			isa = XCBuildConfiguration;
			buildSettings = {
				ALWAYS_SEARCH_USER_PATHS = NO;
				CLANG_ANALYZER_NONNULL = YES;
				CLANG_ANALYZER_NUMBER_OBJECT_CONVERSION = YES_AGGRESSIVE;
				CLANG_CXX_LANGUAGE_STANDARD = "gnu++17";
				CLANG_ENABLE_MODULES = YES;
				CLANG_ENABLE_OBJC_ARC = YES;
				CLANG_ENABLE_OBJC_WEAK = YES;
				CLANG_WARN_BLOCK_CAPTURE_AUTORELEASING = YES;
				CLANG_WARN_BOOL_CONVERSION = YES;
				CLANG_WARN_COMMA = YES;
				CLANG_WARN_CONSTANT_CONVERSION = YES;
				CLANG_WARN_DEPRECATED_OBJC_IMPLEMENTATIONS = YES;
				CLANG_WARN_DIRECT_OBJC_ISA_USAGE = YES_ERROR;
				CLANG_WARN_DOCUMENTATION_COMMENTS = YES;
				CLANG_WARN_EMPTY_BODY = YES;
				CLANG_WARN_ENUM_CONVERSION = YES;
				CLANG_WARN_INFINITE_RECURSION = YES;
				CLANG_WARN_INT_CONVERSION = YES;
				CLANG_WARN_NON_LITERAL_NULL_CONVERSION = YES;
				CLANG_WARN_OBJC_IMPLICIT_RETAIN_SELF = YES;
				CLANG_WARN_OBJC_LITERAL_CONVERSION = YES;
				CLANG_WARN_OBJC_ROOT_CLASS = YES_ERROR;
				CLANG_WARN_QUOTED_INCLUDE_IN_FRAMEWORK_HEADER = YES;
				CLANG_WARN_RANGE_LOOP_ANALYSIS = YES;
				CLANG_WARN_STRICT_PROTOTYPES = YES;
				CLANG_WARN_SUSPICIOUS_MOVE = YES;
				CLANG_WARN_UNGUARDED_AVAILABILITY = YES_AGGRESSIVE;
				CLANG_WARN_UNREACHABLE_CODE = YES;
				CLANG_WARN__DUPLICATE_METHOD_MATCH = YES;
				COPY_PHASE_STRIP = NO;
				DEBUG_INFORMATION_FORMAT = "dwarf-with-dsym";
				ENABLE_NS_ASSERTIONS = NO;
				ENABLE_STRICT_OBJC_MSGSEND = YES;
				GCC_C_LANGUAGE_STANDARD = gnu11;
				GCC_NO_COMMON_BLOCKS = YES;
				GCC_WARN_64_TO_32_BIT_CONVERSION = YES;
				GCC_WARN_ABOUT_RETURN_TYPE = YES_ERROR;
				GCC_WARN_UNDECLARED_SELECTOR = YES;
				GCC_WARN_UNINITIALIZED_AUTOS = YES_AGGRESSIVE;
				GCC_WARN_UNUSED_FUNCTION = YES;
				GCC_WARN_UNUSED_VARIABLE = YES;
				IPHONEOS_DEPLOYMENT_TARGET = 15.5;
				MTL_ENABLE_DEBUG_INFO = NO;
				MTL_FAST_MATH = YES;
				SDKROOT = iphoneos;
				SWIFT_COMPILATION_MODE = wholemodule;
				SWIFT_OPTIMIZATION_LEVEL = "-O";
				VALIDATE_PRODUCT = YES;
			};
			name = Release;
		};
		2731E5C628A69DA900A1531B /* Debug */ = {
			isa = XCBuildConfiguration;
			buildSettings = {
				ALWAYS_EMBED_SWIFT_STANDARD_LIBRARIES = YES;
				ASSETCATALOG_COMPILER_APPICON_NAME = AppIcon;
				ASSETCATALOG_COMPILER_GLOBAL_ACCENT_COLOR_NAME = AccentColor;
				CODE_SIGN_ENTITLEMENTS = "Swift+Storyboard+APNS/Swift+Storyboard+APNS.entitlements";
				CODE_SIGN_STYLE = Automatic;
				CURRENT_PROJECT_VERSION = 1;
				DEVELOPMENT_TEAM = VJQ245Q28G;
				GENERATE_INFOPLIST_FILE = YES;
				INFOPLIST_FILE = "Swift+Storyboard+APNS/Info.plist";
				INFOPLIST_KEY_UIApplicationSupportsIndirectInputEvents = YES;
				INFOPLIST_KEY_UILaunchStoryboardName = LaunchScreen;
				INFOPLIST_KEY_UIMainStoryboardFile = Main;
				INFOPLIST_KEY_UISupportedInterfaceOrientations_iPad = "UIInterfaceOrientationPortrait UIInterfaceOrientationPortraitUpsideDown UIInterfaceOrientationLandscapeLeft UIInterfaceOrientationLandscapeRight";
				INFOPLIST_KEY_UISupportedInterfaceOrientations_iPhone = "UIInterfaceOrientationPortrait UIInterfaceOrientationLandscapeLeft UIInterfaceOrientationLandscapeRight";
				LD_RUNPATH_SEARCH_PATHS = (
					"$(inherited)",
					"@executable_path/Frameworks",
				);
				MARKETING_VERSION = 1.0;
				PRODUCT_BUNDLE_IDENTIFIER = "com.courier.Swift-Storyboard-APNS";
				PRODUCT_NAME = "$(TARGET_NAME)";
				SWIFT_EMIT_LOC_STRINGS = YES;
				SWIFT_VERSION = 5.0;
				TARGETED_DEVICE_FAMILY = "1,2";
			};
			name = Debug;
		};
		2731E5C728A69DA900A1531B /* Release */ = {
			isa = XCBuildConfiguration;
			buildSettings = {
				ALWAYS_EMBED_SWIFT_STANDARD_LIBRARIES = YES;
				ASSETCATALOG_COMPILER_APPICON_NAME = AppIcon;
				ASSETCATALOG_COMPILER_GLOBAL_ACCENT_COLOR_NAME = AccentColor;
				CODE_SIGN_ENTITLEMENTS = "Swift+Storyboard+APNS/Swift+Storyboard+APNS.entitlements";
				CODE_SIGN_STYLE = Automatic;
				CURRENT_PROJECT_VERSION = 1;
				DEVELOPMENT_TEAM = VJQ245Q28G;
				GENERATE_INFOPLIST_FILE = YES;
				INFOPLIST_FILE = "Swift+Storyboard+APNS/Info.plist";
				INFOPLIST_KEY_UIApplicationSupportsIndirectInputEvents = YES;
				INFOPLIST_KEY_UILaunchStoryboardName = LaunchScreen;
				INFOPLIST_KEY_UIMainStoryboardFile = Main;
				INFOPLIST_KEY_UISupportedInterfaceOrientations_iPad = "UIInterfaceOrientationPortrait UIInterfaceOrientationPortraitUpsideDown UIInterfaceOrientationLandscapeLeft UIInterfaceOrientationLandscapeRight";
				INFOPLIST_KEY_UISupportedInterfaceOrientations_iPhone = "UIInterfaceOrientationPortrait UIInterfaceOrientationLandscapeLeft UIInterfaceOrientationLandscapeRight";
				LD_RUNPATH_SEARCH_PATHS = (
					"$(inherited)",
					"@executable_path/Frameworks",
				);
				MARKETING_VERSION = 1.0;
				PRODUCT_BUNDLE_IDENTIFIER = "com.courier.Swift-Storyboard-APNS";
				PRODUCT_NAME = "$(TARGET_NAME)";
				SWIFT_EMIT_LOC_STRINGS = YES;
				SWIFT_VERSION = 5.0;
				TARGETED_DEVICE_FAMILY = "1,2";
			};
			name = Release;
		};
		2731E5D928A6A5A200A1531B /* Debug */ = {
			isa = XCBuildConfiguration;
			buildSettings = {
				CODE_SIGN_STYLE = Automatic;
				CURRENT_PROJECT_VERSION = 1;
				DEVELOPMENT_TEAM = VJQ245Q28G;
				GENERATE_INFOPLIST_FILE = YES;
				INFOPLIST_FILE = CourierService/Info.plist;
				INFOPLIST_KEY_CFBundleDisplayName = CourierService;
				INFOPLIST_KEY_NSHumanReadableCopyright = "";
				LD_RUNPATH_SEARCH_PATHS = (
					"$(inherited)",
					"@executable_path/Frameworks",
					"@executable_path/../../Frameworks",
				);
				MARKETING_VERSION = 1.0;
				PRODUCT_BUNDLE_IDENTIFIER = "com.courier.Swift-Storyboard-APNS.CourierService";
				PRODUCT_NAME = "$(TARGET_NAME)";
				SKIP_INSTALL = YES;
				SWIFT_EMIT_LOC_STRINGS = YES;
				SWIFT_VERSION = 5.0;
				TARGETED_DEVICE_FAMILY = "1,2";
			};
			name = Debug;
		};
		2731E5DA28A6A5A200A1531B /* Release */ = {
			isa = XCBuildConfiguration;
			buildSettings = {
				CODE_SIGN_STYLE = Automatic;
				CURRENT_PROJECT_VERSION = 1;
				DEVELOPMENT_TEAM = VJQ245Q28G;
				GENERATE_INFOPLIST_FILE = YES;
				INFOPLIST_FILE = CourierService/Info.plist;
				INFOPLIST_KEY_CFBundleDisplayName = CourierService;
				INFOPLIST_KEY_NSHumanReadableCopyright = "";
				LD_RUNPATH_SEARCH_PATHS = (
					"$(inherited)",
					"@executable_path/Frameworks",
					"@executable_path/../../Frameworks",
				);
				MARKETING_VERSION = 1.0;
				PRODUCT_BUNDLE_IDENTIFIER = "com.courier.Swift-Storyboard-APNS.CourierService";
				PRODUCT_NAME = "$(TARGET_NAME)";
				SKIP_INSTALL = YES;
				SWIFT_EMIT_LOC_STRINGS = YES;
				SWIFT_VERSION = 5.0;
				TARGETED_DEVICE_FAMILY = "1,2";
			};
			name = Release;
		};
/* End XCBuildConfiguration section */

/* Begin XCConfigurationList section */
		2731E5AC28A69DA600A1531B /* Build configuration list for PBXProject "Swift+Storyboard+APNS" */ = {
			isa = XCConfigurationList;
			buildConfigurations = (
				2731E5C328A69DA900A1531B /* Debug */,
				2731E5C428A69DA900A1531B /* Release */,
			);
			defaultConfigurationIsVisible = 0;
			defaultConfigurationName = Release;
		};
		2731E5C528A69DA900A1531B /* Build configuration list for PBXNativeTarget "Swift+Storyboard+APNS" */ = {
			isa = XCConfigurationList;
			buildConfigurations = (
				2731E5C628A69DA900A1531B /* Debug */,
				2731E5C728A69DA900A1531B /* Release */,
			);
			defaultConfigurationIsVisible = 0;
			defaultConfigurationName = Release;
		};
		2731E5D828A6A5A200A1531B /* Build configuration list for PBXNativeTarget "CourierService" */ = {
			isa = XCConfigurationList;
			buildConfigurations = (
				2731E5D928A6A5A200A1531B /* Debug */,
				2731E5DA28A6A5A200A1531B /* Release */,
			);
			defaultConfigurationIsVisible = 0;
			defaultConfigurationName = Release;
		};
/* End XCConfigurationList section */

/* Begin XCRemoteSwiftPackageReference section */
		2731E5C828A69E0400A1531B /* XCRemoteSwiftPackageReference "courier-ios" */ = {
			isa = XCRemoteSwiftPackageReference;
			repositoryURL = "https://github.com/trycourier/courier-ios";
			requirement = {
				branch = master;
				kind = branch;
			};
		};
/* End XCRemoteSwiftPackageReference section */

/* Begin XCSwiftPackageProductDependency section */
		2731E5C928A69E0400A1531B /* Courier */ = {
			isa = XCSwiftPackageProductDependency;
			package = 2731E5C828A69E0400A1531B /* XCRemoteSwiftPackageReference "courier-ios" */;
			productName = Courier;
		};
		2731E5DD28A6A5B000A1531B /* Courier */ = {
			isa = XCSwiftPackageProductDependency;
			package = 2731E5C828A69E0400A1531B /* XCRemoteSwiftPackageReference "courier-ios" */;
			productName = Courier;
		};
/* End XCSwiftPackageProductDependency section */
	};
	rootObject = 2731E5A928A69DA600A1531B /* Project object */;
}
