// !$*UTF8*$!
{
	archiveVersion = 1;
	classes = {
	};
	objectVersion = 55;
	objects = {

/* Begin PBXBuildFile section */
		2720BB242889B4DD0089219C /* AppDelegate.swift in Sources */ = {isa = PBXBuildFile; fileRef = 2720BB232889B4DD0089219C /* AppDelegate.swift */; };
		2720BB262889B4DD0089219C /* SceneDelegate.swift in Sources */ = {isa = PBXBuildFile; fileRef = 2720BB252889B4DD0089219C /* SceneDelegate.swift */; };
		2720BB282889B4DD0089219C /* ViewController.swift in Sources */ = {isa = PBXBuildFile; fileRef = 2720BB272889B4DD0089219C /* ViewController.swift */; };
		2720BB2B2889B4DD0089219C /* Main.storyboard in Resources */ = {isa = PBXBuildFile; fileRef = 2720BB292889B4DD0089219C /* Main.storyboard */; };
		2720BB2D2889B4DD0089219C /* Assets.xcassets in Resources */ = {isa = PBXBuildFile; fileRef = 2720BB2C2889B4DD0089219C /* Assets.xcassets */; };
		2720BB302889B4DD0089219C /* LaunchScreen.storyboard in Resources */ = {isa = PBXBuildFile; fileRef = 2720BB2E2889B4DD0089219C /* LaunchScreen.storyboard */; };
		2720BB3C2889B9F90089219C /* Extras.swift in Sources */ = {isa = PBXBuildFile; fileRef = 2720BB3B2889B9F90089219C /* Extras.swift */; };
		2764CB6E289C786000C2955D /* NotificationService.swift in Sources */ = {isa = PBXBuildFile; fileRef = 2764CB6D289C786000C2955D /* NotificationService.swift */; };
		2764CB72289C786000C2955D /* CourierService.appex in Embed App Extensions */ = {isa = PBXBuildFile; fileRef = 2764CB6B289C786000C2955D /* CourierService.appex */; settings = {ATTRIBUTES = (RemoveHeadersOnCopy, ); }; };
		2764CB79289C786D00C2955D /* Courier in Frameworks */ = {isa = PBXBuildFile; productRef = 2764CB78289C786D00C2955D /* Courier */; };
		2780E639289AC64E00B263F2 /* Courier in Frameworks */ = {isa = PBXBuildFile; productRef = 2780E638289AC64E00B263F2 /* Courier */; };
/* End PBXBuildFile section */

/* Begin PBXContainerItemProxy section */
		2764CB70289C786000C2955D /* PBXContainerItemProxy */ = {
			isa = PBXContainerItemProxy;
			containerPortal = 2720BB182889B4DD0089219C /* Project object */;
			proxyType = 1;
			remoteGlobalIDString = 2764CB6A289C786000C2955D;
			remoteInfo = CourierService;
		};
/* End PBXContainerItemProxy section */

/* Begin PBXCopyFilesBuildPhase section */
		2780E5F22899B71B00B263F2 /* Embed App Extensions */ = {
			isa = PBXCopyFilesBuildPhase;
			buildActionMask = 2147483647;
			dstPath = "";
			dstSubfolderSpec = 13;
			files = (
				2764CB72289C786000C2955D /* CourierService.appex in Embed App Extensions */,
			);
			name = "Embed App Extensions";
			runOnlyForDeploymentPostprocessing = 0;
		};
/* End PBXCopyFilesBuildPhase section */

/* Begin PBXFileReference section */
		2720BB232889B4DD0089219C /* AppDelegate.swift */ = {isa = PBXFileReference; lastKnownFileType = sourcecode.swift; path = AppDelegate.swift; sourceTree = "<group>"; };
		2720BB252889B4DD0089219C /* SceneDelegate.swift */ = {isa = PBXFileReference; lastKnownFileType = sourcecode.swift; path = SceneDelegate.swift; sourceTree = "<group>"; };
		2720BB272889B4DD0089219C /* ViewController.swift */ = {isa = PBXFileReference; lastKnownFileType = sourcecode.swift; path = ViewController.swift; sourceTree = "<group>"; };
		2720BB2A2889B4DD0089219C /* Base */ = {isa = PBXFileReference; lastKnownFileType = file.storyboard; name = Base; path = Base.lproj/Main.storyboard; sourceTree = "<group>"; };
		2720BB2C2889B4DD0089219C /* Assets.xcassets */ = {isa = PBXFileReference; lastKnownFileType = folder.assetcatalog; path = Assets.xcassets; sourceTree = "<group>"; };
		2720BB2F2889B4DD0089219C /* Base */ = {isa = PBXFileReference; lastKnownFileType = file.storyboard; name = Base; path = Base.lproj/LaunchScreen.storyboard; sourceTree = "<group>"; };
		2720BB312889B4DD0089219C /* Info.plist */ = {isa = PBXFileReference; lastKnownFileType = text.plist.xml; path = Info.plist; sourceTree = "<group>"; };
		2720BB372889B4ED0089219C /* Swift+Storyboard+APNS.entitlements */ = {isa = PBXFileReference; lastKnownFileType = text.plist.entitlements; path = "Swift+Storyboard+APNS.entitlements"; sourceTree = "<group>"; };
		2720BB3B2889B9F90089219C /* Extras.swift */ = {isa = PBXFileReference; lastKnownFileType = sourcecode.swift; path = Extras.swift; sourceTree = "<group>"; };
		2764CB6B289C786000C2955D /* CourierService.appex */ = {isa = PBXFileReference; explicitFileType = "wrapper.app-extension"; includeInIndex = 0; path = CourierService.appex; sourceTree = BUILT_PRODUCTS_DIR; };
		2764CB6D289C786000C2955D /* NotificationService.swift */ = {isa = PBXFileReference; lastKnownFileType = sourcecode.swift; path = NotificationService.swift; sourceTree = "<group>"; };
		2764CB6F289C786000C2955D /* Info.plist */ = {isa = PBXFileReference; lastKnownFileType = text.plist.xml; path = Info.plist; sourceTree = "<group>"; };
		2764CB73289C786000C2955D /* Swift+Storyboard+APNS.app */ = {isa = PBXFileReference; explicitFileType = wrapper.application; includeInIndex = 0; path = "Swift+Storyboard+APNS.app"; sourceTree = BUILT_PRODUCTS_DIR; };
/* End PBXFileReference section */

/* Begin PBXFrameworksBuildPhase section */
		2720BB1D2889B4DD0089219C /* Frameworks */ = {
			isa = PBXFrameworksBuildPhase;
			buildActionMask = 2147483647;
			files = (
				2780E639289AC64E00B263F2 /* Courier in Frameworks */,
			);
			runOnlyForDeploymentPostprocessing = 0;
		};
		2764CB68289C786000C2955D /* Frameworks */ = {
			isa = PBXFrameworksBuildPhase;
			buildActionMask = 2147483647;
			files = (
				2764CB79289C786D00C2955D /* Courier in Frameworks */,
			);
			runOnlyForDeploymentPostprocessing = 0;
		};
/* End PBXFrameworksBuildPhase section */

/* Begin PBXGroup section */
		2720BB172889B4DD0089219C = {
			isa = PBXGroup;
			children = (
				2720BB222889B4DD0089219C /* Swift+Storyboard+APNS */,
				2764CB6B289C786000C2955D /* CourierService.appex */,
				2764CB6C289C786000C2955D /* CourierService */,
				2764CB73289C786000C2955D /* Swift+Storyboard+APNS.app */,
				2764CB77289C786D00C2955D /* Frameworks */,
			);
			sourceTree = "<group>";
		};
		2720BB222889B4DD0089219C /* Swift+Storyboard+APNS */ = {
			isa = PBXGroup;
			children = (
				2720BB372889B4ED0089219C /* Swift+Storyboard+APNS.entitlements */,
				2720BB232889B4DD0089219C /* AppDelegate.swift */,
				2720BB252889B4DD0089219C /* SceneDelegate.swift */,
				2720BB272889B4DD0089219C /* ViewController.swift */,
				2720BB292889B4DD0089219C /* Main.storyboard */,
				2720BB2C2889B4DD0089219C /* Assets.xcassets */,
				2720BB2E2889B4DD0089219C /* LaunchScreen.storyboard */,
				2720BB312889B4DD0089219C /* Info.plist */,
				2720BB3B2889B9F90089219C /* Extras.swift */,
			);
			path = "Swift+Storyboard+APNS";
			sourceTree = "<group>";
		};
		2764CB6C289C786000C2955D /* CourierService */ = {
			isa = PBXGroup;
			children = (
				2764CB6D289C786000C2955D /* NotificationService.swift */,
				2764CB6F289C786000C2955D /* Info.plist */,
			);
			path = CourierService;
			sourceTree = "<group>";
		};
		2764CB77289C786D00C2955D /* Frameworks */ = {
			isa = PBXGroup;
			children = (
			);
			name = Frameworks;
			sourceTree = "<group>";
		};
/* End PBXGroup section */

/* Begin PBXNativeTarget section */
		2720BB1F2889B4DD0089219C /* Swift+Storyboard+APNS */ = {
			isa = PBXNativeTarget;
			buildConfigurationList = 2720BB342889B4DD0089219C /* Build configuration list for PBXNativeTarget "Swift+Storyboard+APNS" */;
			buildPhases = (
				2720BB1C2889B4DD0089219C /* Sources */,
				2720BB1D2889B4DD0089219C /* Frameworks */,
				2720BB1E2889B4DD0089219C /* Resources */,
				2780E5F22899B71B00B263F2 /* Embed App Extensions */,
			);
			buildRules = (
			);
			dependencies = (
				2764CB71289C786000C2955D /* PBXTargetDependency */,
			);
			name = "Swift+Storyboard+APNS";
			packageProductDependencies = (
				2780E638289AC64E00B263F2 /* Courier */,
			);
			productName = "Swift+Storyboard+APNS";
			productReference = 2764CB73289C786000C2955D /* Swift+Storyboard+APNS.app */;
			productType = "com.apple.product-type.application";
		};
		2764CB6A289C786000C2955D /* CourierService */ = {
			isa = PBXNativeTarget;
			buildConfigurationList = 2764CB74289C786000C2955D /* Build configuration list for PBXNativeTarget "CourierService" */;
			buildPhases = (
				2764CB67289C786000C2955D /* Sources */,
				2764CB68289C786000C2955D /* Frameworks */,
				2764CB69289C786000C2955D /* Resources */,
			);
			buildRules = (
			);
			dependencies = (
			);
			name = CourierService;
			packageProductDependencies = (
				2764CB78289C786D00C2955D /* Courier */,
			);
			productName = CourierService;
			productReference = 2764CB6B289C786000C2955D /* CourierService.appex */;
			productType = "com.apple.product-type.app-extension";
		};
/* End PBXNativeTarget section */

/* Begin PBXProject section */
		2720BB182889B4DD0089219C /* Project object */ = {
			isa = PBXProject;
			attributes = {
				BuildIndependentTargetsInParallel = 1;
				LastSwiftUpdateCheck = 1340;
				LastUpgradeCheck = 1340;
				TargetAttributes = {
					2720BB1F2889B4DD0089219C = {
						CreatedOnToolsVersion = 13.4.1;
					};
					2764CB6A289C786000C2955D = {
						CreatedOnToolsVersion = 13.4.1;
					};
				};
			};
			buildConfigurationList = 2720BB1B2889B4DD0089219C /* Build configuration list for PBXProject "Swift+Storyboard+APNS" */;
			compatibilityVersion = "Xcode 13.0";
			developmentRegion = en;
			hasScannedForEncodings = 0;
			knownRegions = (
				en,
				Base,
			);
			mainGroup = 2720BB172889B4DD0089219C;
			packageReferences = (
				2780E637289AC64E00B263F2 /* XCRemoteSwiftPackageReference "courier-ios" */,
			);
			productRefGroup = 2720BB172889B4DD0089219C;
			projectDirPath = "";
			projectRoot = "";
			targets = (
				2720BB1F2889B4DD0089219C /* Swift+Storyboard+APNS */,
				2764CB6A289C786000C2955D /* CourierService */,
			);
		};
/* End PBXProject section */

/* Begin PBXResourcesBuildPhase section */
		2720BB1E2889B4DD0089219C /* Resources */ = {
			isa = PBXResourcesBuildPhase;
			buildActionMask = 2147483647;
			files = (
				2720BB302889B4DD0089219C /* LaunchScreen.storyboard in Resources */,
				2720BB2D2889B4DD0089219C /* Assets.xcassets in Resources */,
				2720BB2B2889B4DD0089219C /* Main.storyboard in Resources */,
			);
			runOnlyForDeploymentPostprocessing = 0;
		};
		2764CB69289C786000C2955D /* Resources */ = {
			isa = PBXResourcesBuildPhase;
			buildActionMask = 2147483647;
			files = (
			);
			runOnlyForDeploymentPostprocessing = 0;
		};
/* End PBXResourcesBuildPhase section */

/* Begin PBXSourcesBuildPhase section */
		2720BB1C2889B4DD0089219C /* Sources */ = {
			isa = PBXSourcesBuildPhase;
			buildActionMask = 2147483647;
			files = (
				2720BB282889B4DD0089219C /* ViewController.swift in Sources */,
				2720BB242889B4DD0089219C /* AppDelegate.swift in Sources */,
				2720BB3C2889B9F90089219C /* Extras.swift in Sources */,
				2720BB262889B4DD0089219C /* SceneDelegate.swift in Sources */,
			);
			runOnlyForDeploymentPostprocessing = 0;
		};
		2764CB67289C786000C2955D /* Sources */ = {
			isa = PBXSourcesBuildPhase;
			buildActionMask = 2147483647;
			files = (
				2764CB6E289C786000C2955D /* NotificationService.swift in Sources */,
			);
			runOnlyForDeploymentPostprocessing = 0;
		};
/* End PBXSourcesBuildPhase section */

/* Begin PBXTargetDependency section */
		2764CB71289C786000C2955D /* PBXTargetDependency */ = {
			isa = PBXTargetDependency;
			target = 2764CB6A289C786000C2955D /* CourierService */;
			targetProxy = 2764CB70289C786000C2955D /* PBXContainerItemProxy */;
		};
/* End PBXTargetDependency section */

/* Begin PBXVariantGroup section */
		2720BB292889B4DD0089219C /* Main.storyboard */ = {
			isa = PBXVariantGroup;
			children = (
				2720BB2A2889B4DD0089219C /* Base */,
			);
			name = Main.storyboard;
			sourceTree = "<group>";
		};
		2720BB2E2889B4DD0089219C /* LaunchScreen.storyboard */ = {
			isa = PBXVariantGroup;
			children = (
				2720BB2F2889B4DD0089219C /* Base */,
			);
			name = LaunchScreen.storyboard;
			sourceTree = "<group>";
		};
/* End PBXVariantGroup section */

/* Begin XCBuildConfiguration section */
		2720BB322889B4DD0089219C /* Debug */ = {
			isa = XCBuildConfiguration;
			buildSettings = {
				ALWAYS_SEARCH_USER_PATHS = NO;
				CLANG_ANALYZER_NONNULL = YES;
				CLANG_ANALYZER_NUMBER_OBJECT_CONVERSION = YES_AGGRESSIVE;
				CLANG_CXX_LANGUAGE_STANDARD = "gnu++17";
				CLANG_ENABLE_MODULES = YES;
				CLANG_ENABLE_OBJC_ARC = YES;
				CLANG_ENABLE_OBJC_WEAK = YES;
				CLANG_WARN_BLOCK_CAPTURE_AUTORELEASING = YES;
				CLANG_WARN_BOOL_CONVERSION = YES;
				CLANG_WARN_COMMA = YES;
				CLANG_WARN_CONSTANT_CONVERSION = YES;
				CLANG_WARN_DEPRECATED_OBJC_IMPLEMENTATIONS = YES;
				CLANG_WARN_DIRECT_OBJC_ISA_USAGE = YES_ERROR;
				CLANG_WARN_DOCUMENTATION_COMMENTS = YES;
				CLANG_WARN_EMPTY_BODY = YES;
				CLANG_WARN_ENUM_CONVERSION = YES;
				CLANG_WARN_INFINITE_RECURSION = YES;
				CLANG_WARN_INT_CONVERSION = YES;
				CLANG_WARN_NON_LITERAL_NULL_CONVERSION = YES;
				CLANG_WARN_OBJC_IMPLICIT_RETAIN_SELF = YES;
				CLANG_WARN_OBJC_LITERAL_CONVERSION = YES;
				CLANG_WARN_OBJC_ROOT_CLASS = YES_ERROR;
				CLANG_WARN_QUOTED_INCLUDE_IN_FRAMEWORK_HEADER = YES;
				CLANG_WARN_RANGE_LOOP_ANALYSIS = YES;
				CLANG_WARN_STRICT_PROTOTYPES = YES;
				CLANG_WARN_SUSPICIOUS_MOVE = YES;
				CLANG_WARN_UNGUARDED_AVAILABILITY = YES_AGGRESSIVE;
				CLANG_WARN_UNREACHABLE_CODE = YES;
				CLANG_WARN__DUPLICATE_METHOD_MATCH = YES;
				COPY_PHASE_STRIP = NO;
				DEBUG_INFORMATION_FORMAT = dwarf;
				ENABLE_STRICT_OBJC_MSGSEND = YES;
				ENABLE_TESTABILITY = YES;
				GCC_C_LANGUAGE_STANDARD = gnu11;
				GCC_DYNAMIC_NO_PIC = NO;
				GCC_NO_COMMON_BLOCKS = YES;
				GCC_OPTIMIZATION_LEVEL = 0;
				GCC_PREPROCESSOR_DEFINITIONS = (
					"DEBUG=1",
					"$(inherited)",
				);
				GCC_WARN_64_TO_32_BIT_CONVERSION = YES;
				GCC_WARN_ABOUT_RETURN_TYPE = YES_ERROR;
				GCC_WARN_UNDECLARED_SELECTOR = YES;
				GCC_WARN_UNINITIALIZED_AUTOS = YES_AGGRESSIVE;
				GCC_WARN_UNUSED_FUNCTION = YES;
				GCC_WARN_UNUSED_VARIABLE = YES;
				IPHONEOS_DEPLOYMENT_TARGET = 15.5;
				MTL_ENABLE_DEBUG_INFO = INCLUDE_SOURCE;
				MTL_FAST_MATH = YES;
				ONLY_ACTIVE_ARCH = YES;
				SDKROOT = iphoneos;
				SWIFT_ACTIVE_COMPILATION_CONDITIONS = DEBUG;
				SWIFT_OPTIMIZATION_LEVEL = "-Onone";
			};
			name = Debug;
		};
		2720BB332889B4DD0089219C /* Release */ = {
			isa = XCBuildConfiguration;
			buildSettings = {
				ALWAYS_SEARCH_USER_PATHS = NO;
				CLANG_ANALYZER_NONNULL = YES;
				CLANG_ANALYZER_NUMBER_OBJECT_CONVERSION = YES_AGGRESSIVE;
				CLANG_CXX_LANGUAGE_STANDARD = "gnu++17";
				CLANG_ENABLE_MODULES = YES;
				CLANG_ENABLE_OBJC_ARC = YES;
				CLANG_ENABLE_OBJC_WEAK = YES;
				CLANG_WARN_BLOCK_CAPTURE_AUTORELEASING = YES;
				CLANG_WARN_BOOL_CONVERSION = YES;
				CLANG_WARN_COMMA = YES;
				CLANG_WARN_CONSTANT_CONVERSION = YES;
				CLANG_WARN_DEPRECATED_OBJC_IMPLEMENTATIONS = YES;
				CLANG_WARN_DIRECT_OBJC_ISA_USAGE = YES_ERROR;
				CLANG_WARN_DOCUMENTATION_COMMENTS = YES;
				CLANG_WARN_EMPTY_BODY = YES;
				CLANG_WARN_ENUM_CONVERSION = YES;
				CLANG_WARN_INFINITE_RECURSION = YES;
				CLANG_WARN_INT_CONVERSION = YES;
				CLANG_WARN_NON_LITERAL_NULL_CONVERSION = YES;
				CLANG_WARN_OBJC_IMPLICIT_RETAIN_SELF = YES;
				CLANG_WARN_OBJC_LITERAL_CONVERSION = YES;
				CLANG_WARN_OBJC_ROOT_CLASS = YES_ERROR;
				CLANG_WARN_QUOTED_INCLUDE_IN_FRAMEWORK_HEADER = YES;
				CLANG_WARN_RANGE_LOOP_ANALYSIS = YES;
				CLANG_WARN_STRICT_PROTOTYPES = YES;
				CLANG_WARN_SUSPICIOUS_MOVE = YES;
				CLANG_WARN_UNGUARDED_AVAILABILITY = YES_AGGRESSIVE;
				CLANG_WARN_UNREACHABLE_CODE = YES;
				CLANG_WARN__DUPLICATE_METHOD_MATCH = YES;
				COPY_PHASE_STRIP = NO;
				DEBUG_INFORMATION_FORMAT = "dwarf-with-dsym";
				ENABLE_NS_ASSERTIONS = NO;
				ENABLE_STRICT_OBJC_MSGSEND = YES;
				GCC_C_LANGUAGE_STANDARD = gnu11;
				GCC_NO_COMMON_BLOCKS = YES;
				GCC_WARN_64_TO_32_BIT_CONVERSION = YES;
				GCC_WARN_ABOUT_RETURN_TYPE = YES_ERROR;
				GCC_WARN_UNDECLARED_SELECTOR = YES;
				GCC_WARN_UNINITIALIZED_AUTOS = YES_AGGRESSIVE;
				GCC_WARN_UNUSED_FUNCTION = YES;
				GCC_WARN_UNUSED_VARIABLE = YES;
				IPHONEOS_DEPLOYMENT_TARGET = 15.5;
				MTL_ENABLE_DEBUG_INFO = NO;
				MTL_FAST_MATH = YES;
				SDKROOT = iphoneos;
				SWIFT_COMPILATION_MODE = wholemodule;
				SWIFT_OPTIMIZATION_LEVEL = "-O";
				VALIDATE_PRODUCT = YES;
			};
			name = Release;
		};
		2720BB352889B4DD0089219C /* Debug */ = {
			isa = XCBuildConfiguration;
			buildSettings = {
				ALWAYS_EMBED_SWIFT_STANDARD_LIBRARIES = YES;
				ASSETCATALOG_COMPILER_APPICON_NAME = AppIcon;
				ASSETCATALOG_COMPILER_GLOBAL_ACCENT_COLOR_NAME = AccentColor;
				CODE_SIGN_ENTITLEMENTS = "Swift+Storyboard+APNS/Swift+Storyboard+APNS.entitlements";
				CODE_SIGN_STYLE = Automatic;
				CURRENT_PROJECT_VERSION = 1;
				DEVELOPMENT_TEAM = VJQ245Q28G;
				GENERATE_INFOPLIST_FILE = YES;
				INFOPLIST_FILE = "Swift+Storyboard+APNS/Info.plist";
				INFOPLIST_KEY_UIApplicationSupportsIndirectInputEvents = YES;
				INFOPLIST_KEY_UILaunchStoryboardName = LaunchScreen;
				INFOPLIST_KEY_UIMainStoryboardFile = Main;
				INFOPLIST_KEY_UISupportedInterfaceOrientations_iPad = "UIInterfaceOrientationPortrait UIInterfaceOrientationPortraitUpsideDown UIInterfaceOrientationLandscapeLeft UIInterfaceOrientationLandscapeRight";
				INFOPLIST_KEY_UISupportedInterfaceOrientations_iPhone = "UIInterfaceOrientationPortrait UIInterfaceOrientationLandscapeLeft UIInterfaceOrientationLandscapeRight";
				LD_RUNPATH_SEARCH_PATHS = (
					"$(inherited)",
					"@executable_path/Frameworks",
				);
				MARKETING_VERSION = 1.0;
				PRODUCT_BUNDLE_IDENTIFIER = "com.courier.Swift-Storyboard-APNS";
				PRODUCT_NAME = "$(TARGET_NAME)";
				SWIFT_EMIT_LOC_STRINGS = YES;
				SWIFT_VERSION = 5.0;
				TARGETED_DEVICE_FAMILY = "1,2";
			};
			name = Debug;
		};
		2720BB362889B4DD0089219C /* Release */ = {
			isa = XCBuildConfiguration;
			buildSettings = {
				ALWAYS_EMBED_SWIFT_STANDARD_LIBRARIES = YES;
				ASSETCATALOG_COMPILER_APPICON_NAME = AppIcon;
				ASSETCATALOG_COMPILER_GLOBAL_ACCENT_COLOR_NAME = AccentColor;
				CODE_SIGN_ENTITLEMENTS = "Swift+Storyboard+APNS/Swift+Storyboard+APNS.entitlements";
				CODE_SIGN_STYLE = Automatic;
				CURRENT_PROJECT_VERSION = 1;
				DEVELOPMENT_TEAM = VJQ245Q28G;
				GENERATE_INFOPLIST_FILE = YES;
				INFOPLIST_FILE = "Swift+Storyboard+APNS/Info.plist";
				INFOPLIST_KEY_UIApplicationSupportsIndirectInputEvents = YES;
				INFOPLIST_KEY_UILaunchStoryboardName = LaunchScreen;
				INFOPLIST_KEY_UIMainStoryboardFile = Main;
				INFOPLIST_KEY_UISupportedInterfaceOrientations_iPad = "UIInterfaceOrientationPortrait UIInterfaceOrientationPortraitUpsideDown UIInterfaceOrientationLandscapeLeft UIInterfaceOrientationLandscapeRight";
				INFOPLIST_KEY_UISupportedInterfaceOrientations_iPhone = "UIInterfaceOrientationPortrait UIInterfaceOrientationLandscapeLeft UIInterfaceOrientationLandscapeRight";
				LD_RUNPATH_SEARCH_PATHS = (
					"$(inherited)",
					"@executable_path/Frameworks",
				);
				MARKETING_VERSION = 1.0;
				PRODUCT_BUNDLE_IDENTIFIER = "com.courier.Swift-Storyboard-APNS";
				PRODUCT_NAME = "$(TARGET_NAME)";
				SWIFT_EMIT_LOC_STRINGS = YES;
				SWIFT_VERSION = 5.0;
				TARGETED_DEVICE_FAMILY = "1,2";
			};
			name = Release;
		};
		2764CB75289C786000C2955D /* Debug */ = {
			isa = XCBuildConfiguration;
			buildSettings = {
				CODE_SIGN_STYLE = Automatic;
				CURRENT_PROJECT_VERSION = 1;
				DEVELOPMENT_TEAM = VJQ245Q28G;
				GENERATE_INFOPLIST_FILE = YES;
				INFOPLIST_FILE = CourierService/Info.plist;
				INFOPLIST_KEY_CFBundleDisplayName = CourierService;
				INFOPLIST_KEY_NSHumanReadableCopyright = "";
				LD_RUNPATH_SEARCH_PATHS = (
					"$(inherited)",
					"@executable_path/Frameworks",
					"@executable_path/../../Frameworks",
				);
				MARKETING_VERSION = 1.0;
				PRODUCT_BUNDLE_IDENTIFIER = "com.courier.Swift-Storyboard-APNS.CourierService";
				PRODUCT_NAME = "$(TARGET_NAME)";
				SKIP_INSTALL = YES;
				SWIFT_EMIT_LOC_STRINGS = YES;
				SWIFT_VERSION = 5.0;
				TARGETED_DEVICE_FAMILY = "1,2";
			};
			name = Debug;
		};
		2764CB76289C786000C2955D /* Release */ = {
			isa = XCBuildConfiguration;
			buildSettings = {
				CODE_SIGN_STYLE = Automatic;
				CURRENT_PROJECT_VERSION = 1;
				DEVELOPMENT_TEAM = VJQ245Q28G;
				GENERATE_INFOPLIST_FILE = YES;
				INFOPLIST_FILE = CourierService/Info.plist;
				INFOPLIST_KEY_CFBundleDisplayName = CourierService;
				INFOPLIST_KEY_NSHumanReadableCopyright = "";
				LD_RUNPATH_SEARCH_PATHS = (
					"$(inherited)",
					"@executable_path/Frameworks",
					"@executable_path/../../Frameworks",
				);
				MARKETING_VERSION = 1.0;
				PRODUCT_BUNDLE_IDENTIFIER = "com.courier.Swift-Storyboard-APNS.CourierService";
				PRODUCT_NAME = "$(TARGET_NAME)";
				SKIP_INSTALL = YES;
				SWIFT_EMIT_LOC_STRINGS = YES;
				SWIFT_VERSION = 5.0;
				TARGETED_DEVICE_FAMILY = "1,2";
			};
			name = Release;
		};
/* End XCBuildConfiguration section */

/* Begin XCConfigurationList section */
		2720BB1B2889B4DD0089219C /* Build configuration list for PBXProject "Swift+Storyboard+APNS" */ = {
			isa = XCConfigurationList;
			buildConfigurations = (
				2720BB322889B4DD0089219C /* Debug */,
				2720BB332889B4DD0089219C /* Release */,
			);
			defaultConfigurationIsVisible = 0;
			defaultConfigurationName = Release;
		};
		2720BB342889B4DD0089219C /* Build configuration list for PBXNativeTarget "Swift+Storyboard+APNS" */ = {
			isa = XCConfigurationList;
			buildConfigurations = (
				2720BB352889B4DD0089219C /* Debug */,
				2720BB362889B4DD0089219C /* Release */,
			);
			defaultConfigurationIsVisible = 0;
			defaultConfigurationName = Release;
		};
		2764CB74289C786000C2955D /* Build configuration list for PBXNativeTarget "CourierService" */ = {
			isa = XCConfigurationList;
			buildConfigurations = (
				2764CB75289C786000C2955D /* Debug */,
				2764CB76289C786000C2955D /* Release */,
			);
			defaultConfigurationIsVisible = 0;
			defaultConfigurationName = Release;
		};
/* End XCConfigurationList section */

/* Begin XCRemoteSwiftPackageReference section */
		2780E637289AC64E00B263F2 /* XCRemoteSwiftPackageReference "courier-ios" */ = {
			isa = XCRemoteSwiftPackageReference;
			repositoryURL = "https://github.com/trycourier/courier-ios";
			requirement = {
				branch = feature/analytics;
				kind = branch;
			};
		};
/* End XCRemoteSwiftPackageReference section */

/* Begin XCSwiftPackageProductDependency section */
		2764CB78289C786D00C2955D /* Courier */ = {
			isa = XCSwiftPackageProductDependency;
			package = 2780E637289AC64E00B263F2 /* XCRemoteSwiftPackageReference "courier-ios" */;
			productName = Courier;
		};
		2780E638289AC64E00B263F2 /* Courier */ = {
			isa = XCSwiftPackageProductDependency;
			package = 2780E637289AC64E00B263F2 /* XCRemoteSwiftPackageReference "courier-ios" */;
			productName = Courier;
		};
/* End XCSwiftPackageProductDependency section */
	};
	rootObject = 2720BB182889B4DD0089219C /* Project object */;
}
