{
  "pins" : [
    {
      "identity" : "courier-ios",
      "kind" : "remoteSourceControl",
      "location" : "https://github.com/trycourier/courier-ios",
      "state" : {
        "branch" : "feature/pod-inbox",
        "revision" : "2cd5ca4eee5438b5661510824c250cf2d3c4556d"
      }
    }
  ],
  "version" : 2
}
