{
  "pins" : [
    {
      "identity" : "courier-ios",
      "kind" : "remoteSourceControl",
      "location" : "https://github.com/trycourier/courier-ios",
      "state" : {
        "branch" : "feature/pod-inbox",
        "revision" : "90e7ffcd3e6bbfa1830c38494b2bb94559a042f5"
      }
    }
  ],
  "version" : 2
}
