{
  "pins" : [
    {
      "identity" : "courier-ios",
      "kind" : "remoteSourceControl",
      "location" : "https://github.com/trycourier/courier-ios",
      "state" : {
        "branch" : "feature/pod-inbox",
        "revision" : "eb5017c4d8c840b055f123e174de38ea235f1ea5"
      }
    }
  ],
  "version" : 2
}
