// !$*UTF8*$!
{
	archiveVersion = 1;
	classes = {
	};
	objectVersion = 55;
	objects = {

/* Begin PBXBuildFile section */
		279DE98928B90CDD000F2E35 /* AppDelegate.swift in Sources */ = {isa = PBXBuildFile; fileRef = 279DE98828B90CDD000F2E35 /* AppDelegate.swift */; };
		279DE98B28B90CDD000F2E35 /* SceneDelegate.swift in Sources */ = {isa = PBXBuildFile; fileRef = 279DE98A28B90CDD000F2E35 /* SceneDelegate.swift */; };
		279DE98D28B90CDD000F2E35 /* ViewController.swift in Sources */ = {isa = PBXBuildFile; fileRef = 279DE98C28B90CDD000F2E35 /* ViewController.swift */; };
		279DE99028B90CDD000F2E35 /* Main.storyboard in Resources */ = {isa = PBXBuildFile; fileRef = 279DE98E28B90CDD000F2E35 /* Main.storyboard */; };
		279DE99228B90CDF000F2E35 /* Assets.xcassets in Resources */ = {isa = PBXBuildFile; fileRef = 279DE99128B90CDF000F2E35 /* Assets.xcassets */; };
		279DE99528B90CDF000F2E35 /* LaunchScreen.storyboard in Resources */ = {isa = PBXBuildFile; fileRef = 279DE99328B90CDF000F2E35 /* LaunchScreen.storyboard */; };
		279DE99E28B90CFD000F2E35 /* Courier in Frameworks */ = {isa = PBXBuildFile; productRef = 279DE99D28B90CFD000F2E35 /* Courier */; };
		279DE9A028B90DBC000F2E35 /* Extras.swift in Sources */ = {isa = PBXBuildFile; fileRef = 279DE99F28B90DBC000F2E35 /* Extras.swift */; };
		279DE9A928B90E1C000F2E35 /* NotificationService.swift in Sources */ = {isa = PBXBuildFile; fileRef = 279DE9A828B90E1C000F2E35 /* NotificationService.swift */; };
		279DE9AD28B90E1C000F2E35 /* CourierService.appex in Embed App Extensions */ = {isa = PBXBuildFile; fileRef = 279DE9A628B90E1C000F2E35 /* CourierService.appex */; settings = {ATTRIBUTES = (RemoveHeadersOnCopy, ); }; };
		279DE9B428B90E25000F2E35 /* Courier in Frameworks */ = {isa = PBXBuildFile; productRef = 279DE9B328B90E25000F2E35 /* Courier */; };
/* End PBXBuildFile section */

/* Begin PBXContainerItemProxy section */
		279DE9AB28B90E1C000F2E35 /* PBXContainerItemProxy */ = {
			isa = PBXContainerItemProxy;
			containerPortal = 279DE97D28B90CDD000F2E35 /* Project object */;
			proxyType = 1;
			remoteGlobalIDString = 279DE9A528B90E1C000F2E35;
			remoteInfo = CourierService;
		};
/* End PBXContainerItemProxy section */

/* Begin PBXCopyFilesBuildPhase section */
		279DE9B128B90E1C000F2E35 /* Embed App Extensions */ = {
			isa = PBXCopyFilesBuildPhase;
			buildActionMask = 2147483647;
			dstPath = "";
			dstSubfolderSpec = 13;
			files = (
				279DE9AD28B90E1C000F2E35 /* CourierService.appex in Embed App Extensions */,
			);
			name = "Embed App Extensions";
			runOnlyForDeploymentPostprocessing = 0;
		};
/* End PBXCopyFilesBuildPhase section */

/* Begin PBXFileReference section */
		279DE98528B90CDD000F2E35 /* SwiftStoryboardAPNS.app */ = {isa = PBXFileReference; explicitFileType = wrapper.application; includeInIndex = 0; path = SwiftStoryboardAPNS.app; sourceTree = BUILT_PRODUCTS_DIR; };
		279DE98828B90CDD000F2E35 /* AppDelegate.swift */ = {isa = PBXFileReference; lastKnownFileType = sourcecode.swift; path = AppDelegate.swift; sourceTree = "<group>"; };
		279DE98A28B90CDD000F2E35 /* SceneDelegate.swift */ = {isa = PBXFileReference; lastKnownFileType = sourcecode.swift; path = SceneDelegate.swift; sourceTree = "<group>"; };
		279DE98C28B90CDD000F2E35 /* ViewController.swift */ = {isa = PBXFileReference; lastKnownFileType = sourcecode.swift; path = ViewController.swift; sourceTree = "<group>"; };
		279DE98F28B90CDD000F2E35 /* Base */ = {isa = PBXFileReference; lastKnownFileType = file.storyboard; name = Base; path = Base.lproj/Main.storyboard; sourceTree = "<group>"; };
		279DE99128B90CDF000F2E35 /* Assets.xcassets */ = {isa = PBXFileReference; lastKnownFileType = folder.assetcatalog; path = Assets.xcassets; sourceTree = "<group>"; };
		279DE99428B90CDF000F2E35 /* Base */ = {isa = PBXFileReference; lastKnownFileType = file.storyboard; name = Base; path = Base.lproj/LaunchScreen.storyboard; sourceTree = "<group>"; };
		279DE99628B90CDF000F2E35 /* Info.plist */ = {isa = PBXFileReference; lastKnownFileType = text.plist.xml; path = Info.plist; sourceTree = "<group>"; };
		279DE99F28B90DBC000F2E35 /* Extras.swift */ = {isa = PBXFileReference; fileEncoding = 4; lastKnownFileType = sourcecode.swift; path = Extras.swift; sourceTree = "<group>"; };
		279DE9A128B90E0C000F2E35 /* SwiftStoryboardAPNS.entitlements */ = {isa = PBXFileReference; lastKnownFileType = text.plist.entitlements; path = SwiftStoryboardAPNS.entitlements; sourceTree = "<group>"; };
		279DE9A628B90E1C000F2E35 /* CourierService.appex */ = {isa = PBXFileReference; explicitFileType = "wrapper.app-extension"; includeInIndex = 0; path = CourierService.appex; sourceTree = BUILT_PRODUCTS_DIR; };
		279DE9A828B90E1C000F2E35 /* NotificationService.swift */ = {isa = PBXFileReference; lastKnownFileType = sourcecode.swift; path = NotificationService.swift; sourceTree = "<group>"; };
		279DE9AA28B90E1C000F2E35 /* Info.plist */ = {isa = PBXFileReference; lastKnownFileType = text.plist.xml; path = Info.plist; sourceTree = "<group>"; };
/* End PBXFileReference section */

/* Begin PBXFrameworksBuildPhase section */
		279DE98228B90CDD000F2E35 /* Frameworks */ = {
			isa = PBXFrameworksBuildPhase;
			buildActionMask = 2147483647;
			files = (
				279DE99E28B90CFD000F2E35 /* Courier in Frameworks */,
			);
			runOnlyForDeploymentPostprocessing = 0;
		};
		279DE9A328B90E1C000F2E35 /* Frameworks */ = {
			isa = PBXFrameworksBuildPhase;
			buildActionMask = 2147483647;
			files = (
				279DE9B428B90E25000F2E35 /* Courier in Frameworks */,
			);
			runOnlyForDeploymentPostprocessing = 0;
		};
/* End PBXFrameworksBuildPhase section */

/* Begin PBXGroup section */
		279DE97C28B90CDD000F2E35 = {
			isa = PBXGroup;
			children = (
				279DE98728B90CDD000F2E35 /* SwiftStoryboardAPNS */,
				279DE9A728B90E1C000F2E35 /* CourierService */,
				279DE98628B90CDD000F2E35 /* Products */,
				279DE9B228B90E25000F2E35 /* Frameworks */,
			);
			sourceTree = "<group>";
		};
		279DE98628B90CDD000F2E35 /* Products */ = {
			isa = PBXGroup;
			children = (
				279DE98528B90CDD000F2E35 /* SwiftStoryboardAPNS.app */,
				279DE9A628B90E1C000F2E35 /* CourierService.appex */,
			);
			name = Products;
			sourceTree = "<group>";
		};
		279DE98728B90CDD000F2E35 /* SwiftStoryboardAPNS */ = {
			isa = PBXGroup;
			children = (
				279DE9A128B90E0C000F2E35 /* SwiftStoryboardAPNS.entitlements */,
				279DE98828B90CDD000F2E35 /* AppDelegate.swift */,
				279DE98A28B90CDD000F2E35 /* SceneDelegate.swift */,
				279DE98C28B90CDD000F2E35 /* ViewController.swift */,
				279DE99F28B90DBC000F2E35 /* Extras.swift */,
				279DE98E28B90CDD000F2E35 /* Main.storyboard */,
				279DE99128B90CDF000F2E35 /* Assets.xcassets */,
				279DE99328B90CDF000F2E35 /* LaunchScreen.storyboard */,
				279DE99628B90CDF000F2E35 /* Info.plist */,
			);
			path = SwiftStoryboardAPNS;
			sourceTree = "<group>";
		};
		279DE9A728B90E1C000F2E35 /* CourierService */ = {
			isa = PBXGroup;
			children = (
				279DE9A828B90E1C000F2E35 /* NotificationService.swift */,
				279DE9AA28B90E1C000F2E35 /* Info.plist */,
			);
			path = CourierService;
			sourceTree = "<group>";
		};
		279DE9B228B90E25000F2E35 /* Frameworks */ = {
			isa = PBXGroup;
			children = (
			);
			name = Frameworks;
			sourceTree = "<group>";
		};
/* End PBXGroup section */

/* Begin PBXNativeTarget section */
		279DE98428B90CDD000F2E35 /* SwiftStoryboardAPNS */ = {
			isa = PBXNativeTarget;
			buildConfigurationList = 279DE99928B90CDF000F2E35 /* Build configuration list for PBXNativeTarget "SwiftStoryboardAPNS" */;
			buildPhases = (
				279DE98128B90CDD000F2E35 /* Sources */,
				279DE98228B90CDD000F2E35 /* Frameworks */,
				279DE98328B90CDD000F2E35 /* Resources */,
				279DE9B128B90E1C000F2E35 /* Embed App Extensions */,
			);
			buildRules = (
			);
			dependencies = (
				279DE9AC28B90E1C000F2E35 /* PBXTargetDependency */,
			);
			name = SwiftStoryboardAPNS;
			packageProductDependencies = (
				279DE99D28B90CFD000F2E35 /* Courier */,
			);
			productName = SwiftStoryboardAPNS;
			productReference = 279DE98528B90CDD000F2E35 /* SwiftStoryboardAPNS.app */;
			productType = "com.apple.product-type.application";
		};
		279DE9A528B90E1C000F2E35 /* CourierService */ = {
			isa = PBXNativeTarget;
			buildConfigurationList = 279DE9AE28B90E1C000F2E35 /* Build configuration list for PBXNativeTarget "CourierService" */;
			buildPhases = (
				279DE9A228B90E1C000F2E35 /* Sources */,
				279DE9A328B90E1C000F2E35 /* Frameworks */,
				279DE9A428B90E1C000F2E35 /* Resources */,
			);
			buildRules = (
			);
			dependencies = (
			);
			name = CourierService;
			packageProductDependencies = (
				279DE9B328B90E25000F2E35 /* Courier */,
			);
			productName = CourierService;
			productReference = 279DE9A628B90E1C000F2E35 /* CourierService.appex */;
			productType = "com.apple.product-type.app-extension";
		};
/* End PBXNativeTarget section */

/* Begin PBXProject section */
		279DE97D28B90CDD000F2E35 /* Project object */ = {
			isa = PBXProject;
			attributes = {
				BuildIndependentTargetsInParallel = 1;
				LastSwiftUpdateCheck = 1340;
				LastUpgradeCheck = 1340;
				TargetAttributes = {
					279DE98428B90CDD000F2E35 = {
						CreatedOnToolsVersion = 13.4.1;
					};
					279DE9A528B90E1C000F2E35 = {
						CreatedOnToolsVersion = 13.4.1;
					};
				};
			};
			buildConfigurationList = 279DE98028B90CDD000F2E35 /* Build configuration list for PBXProject "SwiftStoryboardAPNS" */;
			compatibilityVersion = "Xcode 13.0";
			developmentRegion = en;
			hasScannedForEncodings = 0;
			knownRegions = (
				en,
				Base,
			);
			mainGroup = 279DE97C28B90CDD000F2E35;
			packageReferences = (
				279DE99C28B90CFD000F2E35 /* XCRemoteSwiftPackageReference "courier-ios" */,
			);
			productRefGroup = 279DE98628B90CDD000F2E35 /* Products */;
			projectDirPath = "";
			projectRoot = "";
			targets = (
				279DE98428B90CDD000F2E35 /* SwiftStoryboardAPNS */,
				279DE9A528B90E1C000F2E35 /* CourierService */,
			);
		};
/* End PBXProject section */

/* Begin PBXResourcesBuildPhase section */
		279DE98328B90CDD000F2E35 /* Resources */ = {
			isa = PBXResourcesBuildPhase;
			buildActionMask = 2147483647;
			files = (
				279DE99528B90CDF000F2E35 /* LaunchScreen.storyboard in Resources */,
				279DE99228B90CDF000F2E35 /* Assets.xcassets in Resources */,
				279DE99028B90CDD000F2E35 /* Main.storyboard in Resources */,
			);
			runOnlyForDeploymentPostprocessing = 0;
		};
		279DE9A428B90E1C000F2E35 /* Resources */ = {
			isa = PBXResourcesBuildPhase;
			buildActionMask = 2147483647;
			files = (
			);
			runOnlyForDeploymentPostprocessing = 0;
		};
/* End PBXResourcesBuildPhase section */

/* Begin PBXSourcesBuildPhase section */
		279DE98128B90CDD000F2E35 /* Sources */ = {
			isa = PBXSourcesBuildPhase;
			buildActionMask = 2147483647;
			files = (
				279DE98D28B90CDD000F2E35 /* ViewController.swift in Sources */,
				279DE98928B90CDD000F2E35 /* AppDelegate.swift in Sources */,
				279DE9A028B90DBC000F2E35 /* Extras.swift in Sources */,
				279DE98B28B90CDD000F2E35 /* SceneDelegate.swift in Sources */,
			);
			runOnlyForDeploymentPostprocessing = 0;
		};
		279DE9A228B90E1C000F2E35 /* Sources */ = {
			isa = PBXSourcesBuildPhase;
			buildActionMask = 2147483647;
			files = (
				279DE9A928B90E1C000F2E35 /* NotificationService.swift in Sources */,
			);
			runOnlyForDeploymentPostprocessing = 0;
		};
/* End PBXSourcesBuildPhase section */

/* Begin PBXTargetDependency section */
		279DE9AC28B90E1C000F2E35 /* PBXTargetDependency */ = {
			isa = PBXTargetDependency;
			target = 279DE9A528B90E1C000F2E35 /* CourierService */;
			targetProxy = 279DE9AB28B90E1C000F2E35 /* PBXContainerItemProxy */;
		};
/* End PBXTargetDependency section */

/* Begin PBXVariantGroup section */
		279DE98E28B90CDD000F2E35 /* Main.storyboard */ = {
			isa = PBXVariantGroup;
			children = (
				279DE98F28B90CDD000F2E35 /* Base */,
			);
			name = Main.storyboard;
			sourceTree = "<group>";
		};
		279DE99328B90CDF000F2E35 /* LaunchScreen.storyboard */ = {
			isa = PBXVariantGroup;
			children = (
				279DE99428B90CDF000F2E35 /* Base */,
			);
			name = LaunchScreen.storyboard;
			sourceTree = "<group>";
		};
/* End PBXVariantGroup section */

/* Begin XCBuildConfiguration section */
		279DE99728B90CDF000F2E35 /* Debug */ = {
			isa = XCBuildConfiguration;
			buildSettings = {
				ALWAYS_SEARCH_USER_PATHS = NO;
				CLANG_ANALYZER_NONNULL = YES;
				CLANG_ANALYZER_NUMBER_OBJECT_CONVERSION = YES_AGGRESSIVE;
				CLANG_CXX_LANGUAGE_STANDARD = "gnu++17";
				CLANG_ENABLE_MODULES = YES;
				CLANG_ENABLE_OBJC_ARC = YES;
				CLANG_ENABLE_OBJC_WEAK = YES;
				CLANG_WARN_BLOCK_CAPTURE_AUTORELEASING = YES;
				CLANG_WARN_BOOL_CONVERSION = YES;
				CLANG_WARN_COMMA = YES;
				CLANG_WARN_CONSTANT_CONVERSION = YES;
				CLANG_WARN_DEPRECATED_OBJC_IMPLEMENTATIONS = YES;
				CLANG_WARN_DIRECT_OBJC_ISA_USAGE = YES_ERROR;
				CLANG_WARN_DOCUMENTATION_COMMENTS = YES;
				CLANG_WARN_EMPTY_BODY = YES;
				CLANG_WARN_ENUM_CONVERSION = YES;
				CLANG_WARN_INFINITE_RECURSION = YES;
				CLANG_WARN_INT_CONVERSION = YES;
				CLANG_WARN_NON_LITERAL_NULL_CONVERSION = YES;
				CLANG_WARN_OBJC_IMPLICIT_RETAIN_SELF = YES;
				CLANG_WARN_OBJC_LITERAL_CONVERSION = YES;
				CLANG_WARN_OBJC_ROOT_CLASS = YES_ERROR;
				CLANG_WARN_QUOTED_INCLUDE_IN_FRAMEWORK_HEADER = YES;
				CLANG_WARN_RANGE_LOOP_ANALYSIS = YES;
				CLANG_WARN_STRICT_PROTOTYPES = YES;
				CLANG_WARN_SUSPICIOUS_MOVE = YES;
				CLANG_WARN_UNGUARDED_AVAILABILITY = YES_AGGRESSIVE;
				CLANG_WARN_UNREACHABLE_CODE = YES;
				CLANG_WARN__DUPLICATE_METHOD_MATCH = YES;
				COPY_PHASE_STRIP = NO;
				DEBUG_INFORMATION_FORMAT = dwarf;
				ENABLE_STRICT_OBJC_MSGSEND = YES;
				ENABLE_TESTABILITY = YES;
				GCC_C_LANGUAGE_STANDARD = gnu11;
				GCC_DYNAMIC_NO_PIC = NO;
				GCC_NO_COMMON_BLOCKS = YES;
				GCC_OPTIMIZATION_LEVEL = 0;
				GCC_PREPROCESSOR_DEFINITIONS = (
					"DEBUG=1",
					"$(inherited)",
				);
				GCC_WARN_64_TO_32_BIT_CONVERSION = YES;
				GCC_WARN_ABOUT_RETURN_TYPE = YES_ERROR;
				GCC_WARN_UNDECLARED_SELECTOR = YES;
				GCC_WARN_UNINITIALIZED_AUTOS = YES_AGGRESSIVE;
				GCC_WARN_UNUSED_FUNCTION = YES;
				GCC_WARN_UNUSED_VARIABLE = YES;
				IPHONEOS_DEPLOYMENT_TARGET = 15.5;
				MTL_ENABLE_DEBUG_INFO = INCLUDE_SOURCE;
				MTL_FAST_MATH = YES;
				ONLY_ACTIVE_ARCH = YES;
				SDKROOT = iphoneos;
				SWIFT_ACTIVE_COMPILATION_CONDITIONS = DEBUG;
				SWIFT_OPTIMIZATION_LEVEL = "-Onone";
			};
			name = Debug;
		};
		279DE99828B90CDF000F2E35 /* Release */ = {
			isa = XCBuildConfiguration;
			buildSettings = {
				ALWAYS_SEARCH_USER_PATHS = NO;
				CLANG_ANALYZER_NONNULL = YES;
				CLANG_ANALYZER_NUMBER_OBJECT_CONVERSION = YES_AGGRESSIVE;
				CLANG_CXX_LANGUAGE_STANDARD = "gnu++17";
				CLANG_ENABLE_MODULES = YES;
				CLANG_ENABLE_OBJC_ARC = YES;
				CLANG_ENABLE_OBJC_WEAK = YES;
				CLANG_WARN_BLOCK_CAPTURE_AUTORELEASING = YES;
				CLANG_WARN_BOOL_CONVERSION = YES;
				CLANG_WARN_COMMA = YES;
				CLANG_WARN_CONSTANT_CONVERSION = YES;
				CLANG_WARN_DEPRECATED_OBJC_IMPLEMENTATIONS = YES;
				CLANG_WARN_DIRECT_OBJC_ISA_USAGE = YES_ERROR;
				CLANG_WARN_DOCUMENTATION_COMMENTS = YES;
				CLANG_WARN_EMPTY_BODY = YES;
				CLANG_WARN_ENUM_CONVERSION = YES;
				CLANG_WARN_INFINITE_RECURSION = YES;
				CLANG_WARN_INT_CONVERSION = YES;
				CLANG_WARN_NON_LITERAL_NULL_CONVERSION = YES;
				CLANG_WARN_OBJC_IMPLICIT_RETAIN_SELF = YES;
				CLANG_WARN_OBJC_LITERAL_CONVERSION = YES;
				CLANG_WARN_OBJC_ROOT_CLASS = YES_ERROR;
				CLANG_WARN_QUOTED_INCLUDE_IN_FRAMEWORK_HEADER = YES;
				CLANG_WARN_RANGE_LOOP_ANALYSIS = YES;
				CLANG_WARN_STRICT_PROTOTYPES = YES;
				CLANG_WARN_SUSPICIOUS_MOVE = YES;
				CLANG_WARN_UNGUARDED_AVAILABILITY = YES_AGGRESSIVE;
				CLANG_WARN_UNREACHABLE_CODE = YES;
				CLANG_WARN__DUPLICATE_METHOD_MATCH = YES;
				COPY_PHASE_STRIP = NO;
				DEBUG_INFORMATION_FORMAT = "dwarf-with-dsym";
				ENABLE_NS_ASSERTIONS = NO;
				ENABLE_STRICT_OBJC_MSGSEND = YES;
				GCC_C_LANGUAGE_STANDARD = gnu11;
				GCC_NO_COMMON_BLOCKS = YES;
				GCC_WARN_64_TO_32_BIT_CONVERSION = YES;
				GCC_WARN_ABOUT_RETURN_TYPE = YES_ERROR;
				GCC_WARN_UNDECLARED_SELECTOR = YES;
				GCC_WARN_UNINITIALIZED_AUTOS = YES_AGGRESSIVE;
				GCC_WARN_UNUSED_FUNCTION = YES;
				GCC_WARN_UNUSED_VARIABLE = YES;
				IPHONEOS_DEPLOYMENT_TARGET = 15.5;
				MTL_ENABLE_DEBUG_INFO = NO;
				MTL_FAST_MATH = YES;
				SDKROOT = iphoneos;
				SWIFT_COMPILATION_MODE = wholemodule;
				SWIFT_OPTIMIZATION_LEVEL = "-O";
				VALIDATE_PRODUCT = YES;
			};
			name = Release;
		};
		279DE99A28B90CDF000F2E35 /* Debug */ = {
			isa = XCBuildConfiguration;
			buildSettings = {
				ALWAYS_EMBED_SWIFT_STANDARD_LIBRARIES = YES;
				ASSETCATALOG_COMPILER_APPICON_NAME = AppIcon;
				ASSETCATALOG_COMPILER_GLOBAL_ACCENT_COLOR_NAME = AccentColor;
				CODE_SIGN_ENTITLEMENTS = SwiftStoryboardAPNS/SwiftStoryboardAPNS.entitlements;
				CODE_SIGN_STYLE = Automatic;
				CURRENT_PROJECT_VERSION = 4;
				DEVELOPMENT_TEAM = 83BJVWGX4Q;
				GENERATE_INFOPLIST_FILE = YES;
				INFOPLIST_FILE = SwiftStoryboardAPNS/Info.plist;
				INFOPLIST_KEY_CFBundleDisplayName = "Swift - APNS";
				INFOPLIST_KEY_UIApplicationSupportsIndirectInputEvents = YES;
				INFOPLIST_KEY_UILaunchStoryboardName = LaunchScreen;
				INFOPLIST_KEY_UIMainStoryboardFile = Main;
				INFOPLIST_KEY_UISupportedInterfaceOrientations_iPad = "UIInterfaceOrientationPortrait UIInterfaceOrientationPortraitUpsideDown UIInterfaceOrientationLandscapeLeft UIInterfaceOrientationLandscapeRight";
				INFOPLIST_KEY_UISupportedInterfaceOrientations_iPhone = "UIInterfaceOrientationPortrait UIInterfaceOrientationLandscapeLeft UIInterfaceOrientationLandscapeRight";
				LD_RUNPATH_SEARCH_PATHS = (
					"$(inherited)",
					"@executable_path/Frameworks",
				);
				MARKETING_VERSION = 1.0;
				PRODUCT_BUNDLE_IDENTIFIER = "com.courier.example-swift-apns";
				PRODUCT_NAME = "$(TARGET_NAME)";
				SWIFT_EMIT_LOC_STRINGS = YES;
				SWIFT_VERSION = 5.0;
				TARGETED_DEVICE_FAMILY = "1,2";
			};
			name = Debug;
		};
		279DE99B28B90CDF000F2E35 /* Release */ = {
			isa = XCBuildConfiguration;
			buildSettings = {
				ALWAYS_EMBED_SWIFT_STANDARD_LIBRARIES = YES;
				ASSETCATALOG_COMPILER_APPICON_NAME = AppIcon;
				ASSETCATALOG_COMPILER_GLOBAL_ACCENT_COLOR_NAME = AccentColor;
				CODE_SIGN_ENTITLEMENTS = SwiftStoryboardAPNS/SwiftStoryboardAPNS.entitlements;
				CODE_SIGN_STYLE = Automatic;
				CURRENT_PROJECT_VERSION = 4;
				DEVELOPMENT_TEAM = 83BJVWGX4Q;
				GENERATE_INFOPLIST_FILE = YES;
				INFOPLIST_FILE = SwiftStoryboardAPNS/Info.plist;
				INFOPLIST_KEY_CFBundleDisplayName = "Swift - APNS";
				INFOPLIST_KEY_UIApplicationSupportsIndirectInputEvents = YES;
				INFOPLIST_KEY_UILaunchStoryboardName = LaunchScreen;
				INFOPLIST_KEY_UIMainStoryboardFile = Main;
				INFOPLIST_KEY_UISupportedInterfaceOrientations_iPad = "UIInterfaceOrientationPortrait UIInterfaceOrientationPortraitUpsideDown UIInterfaceOrientationLandscapeLeft UIInterfaceOrientationLandscapeRight";
				INFOPLIST_KEY_UISupportedInterfaceOrientations_iPhone = "UIInterfaceOrientationPortrait UIInterfaceOrientationLandscapeLeft UIInterfaceOrientationLandscapeRight";
				LD_RUNPATH_SEARCH_PATHS = (
					"$(inherited)",
					"@executable_path/Frameworks",
				);
				MARKETING_VERSION = 1.0;
				PRODUCT_BUNDLE_IDENTIFIER = "com.courier.example-swift-apns";
				PRODUCT_NAME = "$(TARGET_NAME)";
				SWIFT_EMIT_LOC_STRINGS = YES;
				SWIFT_VERSION = 5.0;
				TARGETED_DEVICE_FAMILY = "1,2";
			};
			name = Release;
		};
		279DE9AF28B90E1C000F2E35 /* Debug */ = {
			isa = XCBuildConfiguration;
			buildSettings = {
				CODE_SIGN_STYLE = Automatic;
				CURRENT_PROJECT_VERSION = 4;
				DEVELOPMENT_TEAM = 83BJVWGX4Q;
				GENERATE_INFOPLIST_FILE = YES;
				INFOPLIST_FILE = CourierService/Info.plist;
				INFOPLIST_KEY_CFBundleDisplayName = CourierService;
				INFOPLIST_KEY_NSHumanReadableCopyright = "";
				LD_RUNPATH_SEARCH_PATHS = (
					"$(inherited)",
					"@executable_path/Frameworks",
					"@executable_path/../../Frameworks",
				);
				MARKETING_VERSION = 1.0;
				PRODUCT_BUNDLE_IDENTIFIER = "com.courier.example-swift-apns.CourierService";
				PRODUCT_NAME = "$(TARGET_NAME)";
				SKIP_INSTALL = YES;
				SWIFT_EMIT_LOC_STRINGS = YES;
				SWIFT_VERSION = 5.0;
				TARGETED_DEVICE_FAMILY = "1,2";
			};
			name = Debug;
		};
		279DE9B028B90E1C000F2E35 /* Release */ = {
			isa = XCBuildConfiguration;
			buildSettings = {
				CODE_SIGN_STYLE = Automatic;
				CURRENT_PROJECT_VERSION = 4;
				DEVELOPMENT_TEAM = 83BJVWGX4Q;
				GENERATE_INFOPLIST_FILE = YES;
				INFOPLIST_FILE = CourierService/Info.plist;
				INFOPLIST_KEY_CFBundleDisplayName = CourierService;
				INFOPLIST_KEY_NSHumanReadableCopyright = "";
				LD_RUNPATH_SEARCH_PATHS = (
					"$(inherited)",
					"@executable_path/Frameworks",
					"@executable_path/../../Frameworks",
				);
				MARKETING_VERSION = 1.0;
				PRODUCT_BUNDLE_IDENTIFIER = "com.courier.example-swift-apns.CourierService";
				PRODUCT_NAME = "$(TARGET_NAME)";
				SKIP_INSTALL = YES;
				SWIFT_EMIT_LOC_STRINGS = YES;
				SWIFT_VERSION = 5.0;
				TARGETED_DEVICE_FAMILY = "1,2";
			};
			name = Release;
		};
/* End XCBuildConfiguration section */

/* Begin XCConfigurationList section */
		279DE98028B90CDD000F2E35 /* Build configuration list for PBXProject "SwiftStoryboardAPNS" */ = {
			isa = XCConfigurationList;
			buildConfigurations = (
				279DE99728B90CDF000F2E35 /* Debug */,
				279DE99828B90CDF000F2E35 /* Release */,
			);
			defaultConfigurationIsVisible = 0;
			defaultConfigurationName = Release;
		};
		279DE99928B90CDF000F2E35 /* Build configuration list for PBXNativeTarget "SwiftStoryboardAPNS" */ = {
			isa = XCConfigurationList;
			buildConfigurations = (
				279DE99A28B90CDF000F2E35 /* Debug */,
				279DE99B28B90CDF000F2E35 /* Release */,
			);
			defaultConfigurationIsVisible = 0;
			defaultConfigurationName = Release;
		};
		279DE9AE28B90E1C000F2E35 /* Build configuration list for PBXNativeTarget "CourierService" */ = {
			isa = XCConfigurationList;
			buildConfigurations = (
				279DE9AF28B90E1C000F2E35 /* Debug */,
				279DE9B028B90E1C000F2E35 /* Release */,
			);
			defaultConfigurationIsVisible = 0;
			defaultConfigurationName = Release;
		};
/* End XCConfigurationList section */

/* Begin XCRemoteSwiftPackageReference section */
		279DE99C28B90CFD000F2E35 /* XCRemoteSwiftPackageReference "courier-ios" */ = {
			isa = XCRemoteSwiftPackageReference;
			repositoryURL = "https://github.com/trycourier/courier-ios";
			requirement = {
				branch = "feature/sdk-setup-example";
				kind = branch;
			};
		};
/* End XCRemoteSwiftPackageReference section */

/* Begin XCSwiftPackageProductDependency section */
		279DE99D28B90CFD000F2E35 /* Courier */ = {
			isa = XCSwiftPackageProductDependency;
			package = 279DE99C28B90CFD000F2E35 /* XCRemoteSwiftPackageReference "courier-ios" */;
			productName = Courier;
		};
		279DE9B328B90E25000F2E35 /* Courier */ = {
			isa = XCSwiftPackageProductDependency;
			package = 279DE99C28B90CFD000F2E35 /* XCRemoteSwiftPackageReference "courier-ios" */;
			productName = Courier;
		};
/* End XCSwiftPackageProductDependency section */
	};
	rootObject = 279DE97D28B90CDD000F2E35 /* Project object */;
}
