// !$*UTF8*$!
{
	archiveVersion = 1;
	classes = {
	};
	objectVersion = 70;
	objects = {

/* Begin PBXBuildFile section */
		272361342D5ACA7C00A7ABB5 /* ShowTime in Frameworks */ = {isa = PBXBuildFile; productRef = 272361332D5ACA7C00A7ABB5 /* ShowTime */; };
		272361372D5ACABC00A7ABB5 /* FirebaseCore in Frameworks */ = {isa = PBXBuildFile; productRef = 272361362D5ACABC00A7ABB5 /* FirebaseCore */; };
		272361392D5ACABC00A7ABB5 /* FirebaseMessaging in Frameworks */ = {isa = PBXBuildFile; productRef = 272361382D5ACABC00A7ABB5 /* FirebaseMessaging */; };
		272A238029B2886600B82CFE /* RootTabBarController.swift in Sources */ = {isa = PBXBuildFile; fileRef = 272A237F29B2886600B82CFE /* RootTabBarController.swift */; };
		272A238329B69E6C00B82CFE /* PrebuiltInboxViewController.swift in Sources */ = {isa = PBXBuildFile; fileRef = 272A238229B69E6C00B82CFE /* PrebuiltInboxViewController.swift */; };
		273353E72D553C6E0044BFD7 /* RawInboxViewController.swift in Sources */ = {isa = PBXBuildFile; fileRef = 273353E62D553C650044BFD7 /* RawInboxViewController.swift */; };
		273353E92D555E2E0044BFD7 /* SwiftUIViewController.swift in Sources */ = {isa = PBXBuildFile; fileRef = 273353E82D555E260044BFD7 /* SwiftUIViewController.swift */; };
		2733541B2D5A932D0044BFD7 /* BrandedInboxViewController.swift in Sources */ = {isa = PBXBuildFile; fileRef = 2733541A2D5A93260044BFD7 /* BrandedInboxViewController.swift */; };
		2733541D2D5AA9B80044BFD7 /* BrandedPreferencesViewController.swift in Sources */ = {isa = PBXBuildFile; fileRef = 2733541C2D5AA9B30044BFD7 /* BrandedPreferencesViewController.swift */; };
		2733541F2D5AB2C20044BFD7 /* CustomPreferencesViewController.swift in Sources */ = {isa = PBXBuildFile; fileRef = 2733541E2D5AB2B70044BFD7 /* CustomPreferencesViewController.swift */; };
		2733542F2D5AB6560044BFD7 /* CourierService.appex in Embed Foundation Extensions */ = {isa = PBXBuildFile; fileRef = 273354282D5AB6560044BFD7 /* CourierService.appex */; settings = {ATTRIBUTES = (RemoveHeadersOnCopy, ); }; };
		276425A42B9F87EC00DB08E1 /* Cells.swift in Sources */ = {isa = PBXBuildFile; fileRef = 276425A32B9F87EC00DB08E1 /* Cells.swift */; };
		276425AA2B9FA09700DB08E1 /* PrebuiltPreferencesViewController.swift in Sources */ = {isa = PBXBuildFile; fileRef = 276425A92B9FA09700DB08E1 /* PrebuiltPreferencesViewController.swift */; };
		276425AC2B9FA16A00DB08E1 /* StyledPreferencesViewController.swift in Sources */ = {isa = PBXBuildFile; fileRef = 276425AB2B9FA16A00DB08E1 /* StyledPreferencesViewController.swift */; };
		276425AE2B9FA39300DB08E1 /* RawPreferencesViewController.swift in Sources */ = {isa = PBXBuildFile; fileRef = 276425AD2B9FA39300DB08E1 /* RawPreferencesViewController.swift */; };
		276425B02B9FA5B500DB08E1 /* UpdatePreferencesViewController.swift in Sources */ = {isa = PBXBuildFile; fileRef = 276425AF2B9FA5B500DB08E1 /* UpdatePreferencesViewController.swift */; };
		27644EEC29AE7378002F907B /* CustomInboxViewController.swift in Sources */ = {isa = PBXBuildFile; fileRef = 27644EEB29AE7378002F907B /* CustomInboxViewController.swift */; };
		27644EF429AFF741002F907B /* AuthViewController.swift in Sources */ = {isa = PBXBuildFile; fileRef = 27644EF329AFF741002F907B /* AuthViewController.swift */; };
		277FF4D82D5ACD9F005BE364 /* Courier_iOS in Frameworks */ = {isa = PBXBuildFile; productRef = 277FF4D72D5ACD9F005BE364 /* Courier_iOS */; };
		277FF4DA2D5ACDBE005BE364 /* Courier_iOS in Frameworks */ = {isa = PBXBuildFile; productRef = 277FF4D92D5ACDBE005BE364 /* Courier_iOS */; };
		27895167292689460070F501 /* AppDelegate.swift in Sources */ = {isa = PBXBuildFile; fileRef = 27895166292689460070F501 /* AppDelegate.swift */; };
		27895169292689460070F501 /* SceneDelegate.swift in Sources */ = {isa = PBXBuildFile; fileRef = 27895168292689460070F501 /* SceneDelegate.swift */; };
		2789516B292689460070F501 /* PushViewController.swift in Sources */ = {isa = PBXBuildFile; fileRef = 2789516A292689460070F501 /* PushViewController.swift */; };
		2789516E292689460070F501 /* Main.storyboard in Resources */ = {isa = PBXBuildFile; fileRef = 2789516C292689460070F501 /* Main.storyboard */; };
		27895170292689470070F501 /* Assets.xcassets in Resources */ = {isa = PBXBuildFile; fileRef = 2789516F292689470070F501 /* Assets.xcassets */; };
		27895173292689470070F501 /* LaunchScreen.storyboard in Resources */ = {isa = PBXBuildFile; fileRef = 27895171292689470070F501 /* LaunchScreen.storyboard */; };
		2789519729268E030070F501 /* Extras.swift in Sources */ = {isa = PBXBuildFile; fileRef = 2789519629268E030070F501 /* Extras.swift */; };
		27AD11982AE9D0BE00867BF9 /* Env.swift in Sources */ = {isa = PBXBuildFile; fileRef = 27AD11972AE9D0BE00867BF9 /* Env.swift */; };
		27B18CDC2B4DCAA30005904E /* InboxViewController.swift in Sources */ = {isa = PBXBuildFile; fileRef = 27B18CDB2B4DCAA30005904E /* InboxViewController.swift */; };
		27B18CDE2B4DF6460005904E /* PreferencesViewController.swift in Sources */ = {isa = PBXBuildFile; fileRef = 27B18CDD2B4DF6460005904E /* PreferencesViewController.swift */; };
		27B18CE22B50A5B30005904E /* GoogleService-Info.plist in Resources */ = {isa = PBXBuildFile; fileRef = 27B18CE12B50A5B30005904E /* GoogleService-Info.plist */; };
		27C1E45629C0DE2A00A7804C /* StyledInboxViewController.swift in Sources */ = {isa = PBXBuildFile; fileRef = 27C1E45529C0DE2A00A7804C /* StyledInboxViewController.swift */; };
/* End PBXBuildFile section */

/* Begin PBXContainerItemProxy section */
		2733542D2D5AB6560044BFD7 /* PBXContainerItemProxy */ = {
			isa = PBXContainerItemProxy;
			containerPortal = 2789515B292689460070F501 /* Project object */;
			proxyType = 1;
			remoteGlobalIDString = 273354272D5AB6560044BFD7;
			remoteInfo = CourierService;
		};
/* End PBXContainerItemProxy section */

/* Begin PBXCopyFilesBuildPhase section */
		2789519129268CB90070F501 /* Embed Foundation Extensions */ = {
			isa = PBXCopyFilesBuildPhase;
			buildActionMask = 2147483647;
			dstPath = "";
			dstSubfolderSpec = 13;
			files = (
				2733542F2D5AB6560044BFD7 /* CourierService.appex in Embed Foundation Extensions */,
			);
			name = "Embed Foundation Extensions";
			runOnlyForDeploymentPostprocessing = 0;
		};
/* End PBXCopyFilesBuildPhase section */

/* Begin PBXFileReference section */
		272A237F29B2886600B82CFE /* RootTabBarController.swift */ = {isa = PBXFileReference; lastKnownFileType = sourcecode.swift; path = RootTabBarController.swift; sourceTree = "<group>"; };
		272A238229B69E6C00B82CFE /* PrebuiltInboxViewController.swift */ = {isa = PBXFileReference; lastKnownFileType = sourcecode.swift; path = PrebuiltInboxViewController.swift; sourceTree = "<group>"; };
		273353E62D553C650044BFD7 /* RawInboxViewController.swift */ = {isa = PBXFileReference; lastKnownFileType = sourcecode.swift; path = RawInboxViewController.swift; sourceTree = "<group>"; };
		273353E82D555E260044BFD7 /* SwiftUIViewController.swift */ = {isa = PBXFileReference; lastKnownFileType = sourcecode.swift; path = SwiftUIViewController.swift; sourceTree = "<group>"; };
		2733541A2D5A93260044BFD7 /* BrandedInboxViewController.swift */ = {isa = PBXFileReference; lastKnownFileType = sourcecode.swift; path = BrandedInboxViewController.swift; sourceTree = "<group>"; };
		2733541C2D5AA9B30044BFD7 /* BrandedPreferencesViewController.swift */ = {isa = PBXFileReference; lastKnownFileType = sourcecode.swift; path = BrandedPreferencesViewController.swift; sourceTree = "<group>"; };
		2733541E2D5AB2B70044BFD7 /* CustomPreferencesViewController.swift */ = {isa = PBXFileReference; lastKnownFileType = sourcecode.swift; path = CustomPreferencesViewController.swift; sourceTree = "<group>"; };
		273354282D5AB6560044BFD7 /* CourierService.appex */ = {isa = PBXFileReference; explicitFileType = "wrapper.app-extension"; includeInIndex = 0; path = CourierService.appex; sourceTree = BUILT_PRODUCTS_DIR; };
		276425A32B9F87EC00DB08E1 /* Cells.swift */ = {isa = PBXFileReference; lastKnownFileType = sourcecode.swift; path = Cells.swift; sourceTree = "<group>"; };
		276425A92B9FA09700DB08E1 /* PrebuiltPreferencesViewController.swift */ = {isa = PBXFileReference; lastKnownFileType = sourcecode.swift; path = PrebuiltPreferencesViewController.swift; sourceTree = "<group>"; };
		276425AB2B9FA16A00DB08E1 /* StyledPreferencesViewController.swift */ = {isa = PBXFileReference; lastKnownFileType = sourcecode.swift; path = StyledPreferencesViewController.swift; sourceTree = "<group>"; };
		276425AD2B9FA39300DB08E1 /* RawPreferencesViewController.swift */ = {isa = PBXFileReference; lastKnownFileType = sourcecode.swift; path = RawPreferencesViewController.swift; sourceTree = "<group>"; };
		276425AF2B9FA5B500DB08E1 /* UpdatePreferencesViewController.swift */ = {isa = PBXFileReference; lastKnownFileType = sourcecode.swift; path = UpdatePreferencesViewController.swift; sourceTree = "<group>"; };
		27644EEB29AE7378002F907B /* CustomInboxViewController.swift */ = {isa = PBXFileReference; lastKnownFileType = sourcecode.swift; path = CustomInboxViewController.swift; sourceTree = "<group>"; };
		27644EF329AFF741002F907B /* AuthViewController.swift */ = {isa = PBXFileReference; lastKnownFileType = sourcecode.swift; path = AuthViewController.swift; sourceTree = "<group>"; };
		27895163292689460070F501 /* Example.app */ = {isa = PBXFileReference; explicitFileType = wrapper.application; includeInIndex = 0; path = Example.app; sourceTree = BUILT_PRODUCTS_DIR; };
		27895166292689460070F501 /* AppDelegate.swift */ = {isa = PBXFileReference; lastKnownFileType = sourcecode.swift; path = AppDelegate.swift; sourceTree = "<group>"; };
		27895168292689460070F501 /* SceneDelegate.swift */ = {isa = PBXFileReference; lastKnownFileType = sourcecode.swift; path = SceneDelegate.swift; sourceTree = "<group>"; };
		2789516A292689460070F501 /* PushViewController.swift */ = {isa = PBXFileReference; lastKnownFileType = sourcecode.swift; path = PushViewController.swift; sourceTree = "<group>"; };
		2789516D292689460070F501 /* Base */ = {isa = PBXFileReference; lastKnownFileType = file.storyboard; name = Base; path = Base.lproj/Main.storyboard; sourceTree = "<group>"; };
		2789516F292689470070F501 /* Assets.xcassets */ = {isa = PBXFileReference; lastKnownFileType = folder.assetcatalog; path = Assets.xcassets; sourceTree = "<group>"; };
		27895172292689470070F501 /* Base */ = {isa = PBXFileReference; lastKnownFileType = file.storyboard; name = Base; path = Base.lproj/LaunchScreen.storyboard; sourceTree = "<group>"; };
		27895174292689470070F501 /* Info.plist */ = {isa = PBXFileReference; lastKnownFileType = text.plist.xml; path = Info.plist; sourceTree = "<group>"; };
		2789519529268DB70070F501 /* Example.entitlements */ = {isa = PBXFileReference; lastKnownFileType = text.plist.entitlements; path = Example.entitlements; sourceTree = "<group>"; };
		2789519629268E030070F501 /* Extras.swift */ = {isa = PBXFileReference; lastKnownFileType = sourcecode.swift; path = Extras.swift; sourceTree = "<group>"; };
		27AD11972AE9D0BE00867BF9 /* Env.swift */ = {isa = PBXFileReference; fileEncoding = 4; lastKnownFileType = sourcecode.swift; path = Env.swift; sourceTree = "<group>"; };
		27B18CDB2B4DCAA30005904E /* InboxViewController.swift */ = {isa = PBXFileReference; lastKnownFileType = sourcecode.swift; path = InboxViewController.swift; sourceTree = "<group>"; };
		27B18CDD2B4DF6460005904E /* PreferencesViewController.swift */ = {isa = PBXFileReference; lastKnownFileType = sourcecode.swift; path = PreferencesViewController.swift; sourceTree = "<group>"; };
		27B18CE12B50A5B30005904E /* GoogleService-Info.plist */ = {isa = PBXFileReference; fileEncoding = 4; lastKnownFileType = text.plist.xml; path = "GoogleService-Info.plist"; sourceTree = "<group>"; };
		27C1E45529C0DE2A00A7804C /* StyledInboxViewController.swift */ = {isa = PBXFileReference; lastKnownFileType = sourcecode.swift; path = StyledInboxViewController.swift; sourceTree = "<group>"; };
/* End PBXFileReference section */

/* Begin PBXFileSystemSynchronizedBuildFileExceptionSet section */
		273354302D5AB6560044BFD7 /* PBXFileSystemSynchronizedBuildFileExceptionSet */ = {
			isa = PBXFileSystemSynchronizedBuildFileExceptionSet;
			membershipExceptions = (
				Info.plist,
			);
			target = 273354272D5AB6560044BFD7 /* CourierService */;
		};
/* End PBXFileSystemSynchronizedBuildFileExceptionSet section */

/* Begin PBXFileSystemSynchronizedRootGroup section */
		273354292D5AB6560044BFD7 /* CourierService */ = {isa = PBXFileSystemSynchronizedRootGroup; exceptions = (273354302D5AB6560044BFD7 /* PBXFileSystemSynchronizedBuildFileExceptionSet */, ); explicitFileTypes = {}; explicitFolders = (); path = CourierService; sourceTree = "<group>"; };
/* End PBXFileSystemSynchronizedRootGroup section */

/* Begin PBXFrameworksBuildPhase section */
		273354252D5AB6560044BFD7 /* Frameworks */ = {
			isa = PBXFrameworksBuildPhase;
			buildActionMask = 2147483647;
			files = (
				277FF4DA2D5ACDBE005BE364 /* Courier_iOS in Frameworks */,
			);
			runOnlyForDeploymentPostprocessing = 0;
		};
		27895160292689460070F501 /* Frameworks */ = {
			isa = PBXFrameworksBuildPhase;
			buildActionMask = 2147483647;
			files = (
				272361392D5ACABC00A7ABB5 /* FirebaseMessaging in Frameworks */,
				272361342D5ACA7C00A7ABB5 /* ShowTime in Frameworks */,
				277FF4D82D5ACD9F005BE364 /* Courier_iOS in Frameworks */,
				272361372D5ACABC00A7ABB5 /* FirebaseCore in Frameworks */,
			);
			runOnlyForDeploymentPostprocessing = 0;
		};
/* End PBXFrameworksBuildPhase section */

/* Begin PBXGroup section */
		276425A52B9F9F1200DB08E1 /* Inbox */ = {
			isa = PBXGroup;
			children = (
				2733541A2D5A93260044BFD7 /* BrandedInboxViewController.swift */,
				273353E82D555E260044BFD7 /* SwiftUIViewController.swift */,
				273353E62D553C650044BFD7 /* RawInboxViewController.swift */,
				27644EEB29AE7378002F907B /* CustomInboxViewController.swift */,
				27B18CDB2B4DCAA30005904E /* InboxViewController.swift */,
				272A238229B69E6C00B82CFE /* PrebuiltInboxViewController.swift */,
				27C1E45529C0DE2A00A7804C /* StyledInboxViewController.swift */,
			);
			path = Inbox;
			sourceTree = "<group>";
		};
		276425A62B9F9F3700DB08E1 /* Push */ = {
			isa = PBXGroup;
			children = (
				2789516A292689460070F501 /* PushViewController.swift */,
			);
			path = Push;
			sourceTree = "<group>";
		};
		276425A72B9F9F5100DB08E1 /* Preferences */ = {
			isa = PBXGroup;
			children = (
				2733541E2D5AB2B70044BFD7 /* CustomPreferencesViewController.swift */,
				2733541C2D5AA9B30044BFD7 /* BrandedPreferencesViewController.swift */,
				27B18CDD2B4DF6460005904E /* PreferencesViewController.swift */,
				276425A92B9FA09700DB08E1 /* PrebuiltPreferencesViewController.swift */,
				276425AB2B9FA16A00DB08E1 /* StyledPreferencesViewController.swift */,
				276425AD2B9FA39300DB08E1 /* RawPreferencesViewController.swift */,
				276425AF2B9FA5B500DB08E1 /* UpdatePreferencesViewController.swift */,
			);
			path = Preferences;
			sourceTree = "<group>";
		};
		276425A82B9F9F6300DB08E1 /* Auth */ = {
			isa = PBXGroup;
			children = (
				27644EF329AFF741002F907B /* AuthViewController.swift */,
			);
			path = Auth;
			sourceTree = "<group>";
		};
		2789515A292689460070F501 = {
			isa = PBXGroup;
			children = (
				27895165292689460070F501 /* Example */,
				273354292D5AB6560044BFD7 /* CourierService */,
				27895164292689460070F501 /* Products */,
				2789519229268CC80070F501 /* Frameworks */,
			);
			sourceTree = "<group>";
		};
		27895164292689460070F501 /* Products */ = {
			isa = PBXGroup;
			children = (
				27895163292689460070F501 /* Example.app */,
				273354282D5AB6560044BFD7 /* CourierService.appex */,
			);
			name = Products;
			sourceTree = "<group>";
		};
		27895165292689460070F501 /* Example */ = {
			isa = PBXGroup;
			children = (
				2789519529268DB70070F501 /* Example.entitlements */,
				27B18CE12B50A5B30005904E /* GoogleService-Info.plist */,
				27895174292689470070F501 /* Info.plist */,
				2789516F292689470070F501 /* Assets.xcassets */,
				27895171292689470070F501 /* LaunchScreen.storyboard */,
				2789516C292689460070F501 /* Main.storyboard */,
				27AD11972AE9D0BE00867BF9 /* Env.swift */,
				2789519629268E030070F501 /* Extras.swift */,
				276425A32B9F87EC00DB08E1 /* Cells.swift */,
				27895166292689460070F501 /* AppDelegate.swift */,
				27895168292689460070F501 /* SceneDelegate.swift */,
				272A237F29B2886600B82CFE /* RootTabBarController.swift */,
				276425A82B9F9F6300DB08E1 /* Auth */,
				276425A62B9F9F3700DB08E1 /* Push */,
				276425A52B9F9F1200DB08E1 /* Inbox */,
				276425A72B9F9F5100DB08E1 /* Preferences */,
			);
			path = Example;
			sourceTree = "<group>";
		};
		2789519229268CC80070F501 /* Frameworks */ = {
			isa = PBXGroup;
			children = (
			);
			name = Frameworks;
			sourceTree = "<group>";
		};
/* End PBXGroup section */

/* Begin PBXNativeTarget section */
		273354272D5AB6560044BFD7 /* CourierService */ = {
			isa = PBXNativeTarget;
			buildConfigurationList = 273354312D5AB6560044BFD7 /* Build configuration list for PBXNativeTarget "CourierService" */;
			buildPhases = (
				273354242D5AB6560044BFD7 /* Sources */,
				273354252D5AB6560044BFD7 /* Frameworks */,
				273354262D5AB6560044BFD7 /* Resources */,
			);
			buildRules = (
			);
			dependencies = (
			);
			fileSystemSynchronizedGroups = (
				273354292D5AB6560044BFD7 /* CourierService */,
			);
			name = CourierService;
			packageProductDependencies = (
				277FF4D92D5ACDBE005BE364 /* Courier_iOS */,
			);
			productName = CourierService;
			productReference = 273354282D5AB6560044BFD7 /* CourierService.appex */;
			productType = "com.apple.product-type.app-extension";
		};
		27895162292689460070F501 /* Example */ = {
			isa = PBXNativeTarget;
			buildConfigurationList = 27895177292689470070F501 /* Build configuration list for PBXNativeTarget "Example" */;
			buildPhases = (
				2789515F292689460070F501 /* Sources */,
				27895160292689460070F501 /* Frameworks */,
				27895161292689460070F501 /* Resources */,
				2789519129268CB90070F501 /* Embed Foundation Extensions */,
			);
			buildRules = (
			);
			dependencies = (
				2733542E2D5AB6560044BFD7 /* PBXTargetDependency */,
			);
			name = Example;
			packageProductDependencies = (
				272361332D5ACA7C00A7ABB5 /* ShowTime */,
				272361362D5ACABC00A7ABB5 /* FirebaseCore */,
				272361382D5ACABC00A7ABB5 /* FirebaseMessaging */,
				277FF4D72D5ACD9F005BE364 /* Courier_iOS */,
			);
			productName = Example;
			productReference = 27895163292689460070F501 /* Example.app */;
			productType = "com.apple.product-type.application";
		};
/* End PBXNativeTarget section */

/* Begin PBXProject section */
		2789515B292689460070F501 /* Project object */ = {
			isa = PBXProject;
			attributes = {
				BuildIndependentTargetsInParallel = 1;
				LastSwiftUpdateCheck = 1620;
				LastUpgradeCheck = 1610;
				TargetAttributes = {
					273354272D5AB6560044BFD7 = {
						CreatedOnToolsVersion = 16.2;
					};
					27895162292689460070F501 = {
						CreatedOnToolsVersion = 14.0.1;
					};
				};
			};
			buildConfigurationList = 2789515E292689460070F501 /* Build configuration list for PBXProject "Example" */;
			compatibilityVersion = "Xcode 14.0";
			developmentRegion = en;
			hasScannedForEncodings = 0;
			knownRegions = (
				en,
				Base,
			);
			mainGroup = 2789515A292689460070F501;
			packageReferences = (
				272361322D5ACA7C00A7ABB5 /* XCRemoteSwiftPackageReference "ShowTime" */,
				272361352D5ACABC00A7ABB5 /* XCRemoteSwiftPackageReference "firebase-ios-sdk" */,
				277FF4D62D5ACD9F005BE364 /* XCRemoteSwiftPackageReference "courier-ios" */,
			);
			productRefGroup = 27895164292689460070F501 /* Products */;
			projectDirPath = "";
			projectRoot = "";
			targets = (
				27895162292689460070F501 /* Example */,
				273354272D5AB6560044BFD7 /* CourierService */,
			);
		};
/* End PBXProject section */

/* Begin PBXResourcesBuildPhase section */
		273354262D5AB6560044BFD7 /* Resources */ = {
			isa = PBXResourcesBuildPhase;
			buildActionMask = 2147483647;
			files = (
			);
			runOnlyForDeploymentPostprocessing = 0;
		};
		27895161292689460070F501 /* Resources */ = {
			isa = PBXResourcesBuildPhase;
			buildActionMask = 2147483647;
			files = (
				27895173292689470070F501 /* LaunchScreen.storyboard in Resources */,
				27895170292689470070F501 /* Assets.xcassets in Resources */,
				27B18CE22B50A5B30005904E /* GoogleService-Info.plist in Resources */,
				2789516E292689460070F501 /* Main.storyboard in Resources */,
			);
			runOnlyForDeploymentPostprocessing = 0;
		};
/* End PBXResourcesBuildPhase section */

/* Begin PBXSourcesBuildPhase section */
		273354242D5AB6560044BFD7 /* Sources */ = {
			isa = PBXSourcesBuildPhase;
			buildActionMask = 2147483647;
			files = (
			);
			runOnlyForDeploymentPostprocessing = 0;
		};
		2789515F292689460070F501 /* Sources */ = {
			isa = PBXSourcesBuildPhase;
			buildActionMask = 2147483647;
			files = (
				2789516B292689460070F501 /* PushViewController.swift in Sources */,
				276425AC2B9FA16A00DB08E1 /* StyledPreferencesViewController.swift in Sources */,
				272A238029B2886600B82CFE /* RootTabBarController.swift in Sources */,
				276425B02B9FA5B500DB08E1 /* UpdatePreferencesViewController.swift in Sources */,
				2789519729268E030070F501 /* Extras.swift in Sources */,
				27644EEC29AE7378002F907B /* CustomInboxViewController.swift in Sources */,
				2733541F2D5AB2C20044BFD7 /* CustomPreferencesViewController.swift in Sources */,
				276425A42B9F87EC00DB08E1 /* Cells.swift in Sources */,
				272A238329B69E6C00B82CFE /* PrebuiltInboxViewController.swift in Sources */,
				2733541B2D5A932D0044BFD7 /* BrandedInboxViewController.swift in Sources */,
				27644EF429AFF741002F907B /* AuthViewController.swift in Sources */,
				27B18CDC2B4DCAA30005904E /* InboxViewController.swift in Sources */,
				27B18CDE2B4DF6460005904E /* PreferencesViewController.swift in Sources */,
				273353E92D555E2E0044BFD7 /* SwiftUIViewController.swift in Sources */,
				27C1E45629C0DE2A00A7804C /* StyledInboxViewController.swift in Sources */,
				276425AA2B9FA09700DB08E1 /* PrebuiltPreferencesViewController.swift in Sources */,
				276425AE2B9FA39300DB08E1 /* RawPreferencesViewController.swift in Sources */,
				27895167292689460070F501 /* AppDelegate.swift in Sources */,
				27895169292689460070F501 /* SceneDelegate.swift in Sources */,
				273353E72D553C6E0044BFD7 /* RawInboxViewController.swift in Sources */,
				2733541D2D5AA9B80044BFD7 /* BrandedPreferencesViewController.swift in Sources */,
				27AD11982AE9D0BE00867BF9 /* Env.swift in Sources */,
			);
			runOnlyForDeploymentPostprocessing = 0;
		};
/* End PBXSourcesBuildPhase section */

/* Begin PBXTargetDependency section */
		2733542E2D5AB6560044BFD7 /* PBXTargetDependency */ = {
			isa = PBXTargetDependency;
			target = 273354272D5AB6560044BFD7 /* CourierService */;
			targetProxy = 2733542D2D5AB6560044BFD7 /* PBXContainerItemProxy */;
		};
/* End PBXTargetDependency section */

/* Begin PBXVariantGroup section */
		2789516C292689460070F501 /* Main.storyboard */ = {
			isa = PBXVariantGroup;
			children = (
				2789516D292689460070F501 /* Base */,
			);
			name = Main.storyboard;
			sourceTree = "<group>";
		};
		27895171292689470070F501 /* LaunchScreen.storyboard */ = {
			isa = PBXVariantGroup;
			children = (
				27895172292689470070F501 /* Base */,
			);
			name = LaunchScreen.storyboard;
			sourceTree = "<group>";
		};
/* End PBXVariantGroup section */

/* Begin XCBuildConfiguration section */
		273354322D5AB6560044BFD7 /* Debug */ = {
			isa = XCBuildConfiguration;
			buildSettings = {
				CODE_SIGN_STYLE = Automatic;
				CURRENT_PROJECT_VERSION = 1;
				DEVELOPMENT_TEAM = 83BJVWGX4Q;
				GCC_C_LANGUAGE_STANDARD = gnu17;
				GENERATE_INFOPLIST_FILE = YES;
				INFOPLIST_FILE = CourierService/Info.plist;
				INFOPLIST_KEY_CFBundleDisplayName = CourierService;
				INFOPLIST_KEY_NSHumanReadableCopyright = "";
				IPHONEOS_DEPLOYMENT_TARGET = 18.2;
				LD_RUNPATH_SEARCH_PATHS = (
					"$(inherited)",
					"@executable_path/Frameworks",
					"@executable_path/../../Frameworks",
				);
				LOCALIZATION_PREFERS_STRING_CATALOGS = YES;
				MARKETING_VERSION = 1.0;
				PRODUCT_BUNDLE_IDENTIFIER = "com.courier.ios-example.CourierService";
				PRODUCT_NAME = "$(TARGET_NAME)";
				SKIP_INSTALL = YES;
				SWIFT_ACTIVE_COMPILATION_CONDITIONS = "DEBUG $(inherited)";
				SWIFT_EMIT_LOC_STRINGS = YES;
				SWIFT_VERSION = 5.0;
				TARGETED_DEVICE_FAMILY = "1,2";
			};
			name = Debug;
		};
		273354332D5AB6560044BFD7 /* Release */ = {
			isa = XCBuildConfiguration;
			buildSettings = {
				CODE_SIGN_STYLE = Automatic;
				CURRENT_PROJECT_VERSION = 1;
				DEVELOPMENT_TEAM = 83BJVWGX4Q;
				GCC_C_LANGUAGE_STANDARD = gnu17;
				GENERATE_INFOPLIST_FILE = YES;
				INFOPLIST_FILE = CourierService/Info.plist;
				INFOPLIST_KEY_CFBundleDisplayName = CourierService;
				INFOPLIST_KEY_NSHumanReadableCopyright = "";
				IPHONEOS_DEPLOYMENT_TARGET = 18.2;
				LD_RUNPATH_SEARCH_PATHS = (
					"$(inherited)",
					"@executable_path/Frameworks",
					"@executable_path/../../Frameworks",
				);
				LOCALIZATION_PREFERS_STRING_CATALOGS = YES;
				MARKETING_VERSION = 1.0;
				PRODUCT_BUNDLE_IDENTIFIER = "com.courier.ios-example.CourierService";
				PRODUCT_NAME = "$(TARGET_NAME)";
				SKIP_INSTALL = YES;
				SWIFT_EMIT_LOC_STRINGS = YES;
				SWIFT_VERSION = 5.0;
				TARGETED_DEVICE_FAMILY = "1,2";
			};
			name = Release;
		};
		27895175292689470070F501 /* Debug */ = {
			isa = XCBuildConfiguration;
			buildSettings = {
				ALWAYS_SEARCH_USER_PATHS = NO;
				ASSETCATALOG_COMPILER_GENERATE_SWIFT_ASSET_SYMBOL_EXTENSIONS = YES;
				CLANG_ANALYZER_NONNULL = YES;
				CLANG_ANALYZER_NUMBER_OBJECT_CONVERSION = YES_AGGRESSIVE;
				CLANG_CXX_LANGUAGE_STANDARD = "gnu++20";
				CLANG_ENABLE_MODULES = YES;
				CLANG_ENABLE_OBJC_ARC = YES;
				CLANG_ENABLE_OBJC_WEAK = YES;
				CLANG_WARN_BLOCK_CAPTURE_AUTORELEASING = YES;
				CLANG_WARN_BOOL_CONVERSION = YES;
				CLANG_WARN_COMMA = YES;
				CLANG_WARN_CONSTANT_CONVERSION = YES;
				CLANG_WARN_DEPRECATED_OBJC_IMPLEMENTATIONS = YES;
				CLANG_WARN_DIRECT_OBJC_ISA_USAGE = YES_ERROR;
				CLANG_WARN_DOCUMENTATION_COMMENTS = YES;
				CLANG_WARN_EMPTY_BODY = YES;
				CLANG_WARN_ENUM_CONVERSION = YES;
				CLANG_WARN_INFINITE_RECURSION = YES;
				CLANG_WARN_INT_CONVERSION = YES;
				CLANG_WARN_NON_LITERAL_NULL_CONVERSION = YES;
				CLANG_WARN_OBJC_IMPLICIT_RETAIN_SELF = YES;
				CLANG_WARN_OBJC_LITERAL_CONVERSION = YES;
				CLANG_WARN_OBJC_ROOT_CLASS = YES_ERROR;
				CLANG_WARN_QUOTED_INCLUDE_IN_FRAMEWORK_HEADER = YES;
				CLANG_WARN_RANGE_LOOP_ANALYSIS = YES;
				CLANG_WARN_STRICT_PROTOTYPES = YES;
				CLANG_WARN_SUSPICIOUS_MOVE = YES;
				CLANG_WARN_UNGUARDED_AVAILABILITY = YES_AGGRESSIVE;
				CLANG_WARN_UNREACHABLE_CODE = YES;
				CLANG_WARN__DUPLICATE_METHOD_MATCH = YES;
				COPY_PHASE_STRIP = NO;
				DEBUG_INFORMATION_FORMAT = dwarf;
				ENABLE_STRICT_OBJC_MSGSEND = YES;
				ENABLE_TESTABILITY = YES;
				ENABLE_USER_SCRIPT_SANDBOXING = YES;
				GCC_C_LANGUAGE_STANDARD = gnu11;
				GCC_DYNAMIC_NO_PIC = NO;
				GCC_NO_COMMON_BLOCKS = YES;
				GCC_OPTIMIZATION_LEVEL = 0;
				GCC_PREPROCESSOR_DEFINITIONS = (
					"DEBUG=1",
					"$(inherited)",
				);
				GCC_WARN_64_TO_32_BIT_CONVERSION = YES;
				GCC_WARN_ABOUT_RETURN_TYPE = YES_ERROR;
				GCC_WARN_UNDECLARED_SELECTOR = YES;
				GCC_WARN_UNINITIALIZED_AUTOS = YES_AGGRESSIVE;
				GCC_WARN_UNUSED_FUNCTION = YES;
				GCC_WARN_UNUSED_VARIABLE = YES;
				IPHONEOS_DEPLOYMENT_TARGET = 17.4;
				MTL_ENABLE_DEBUG_INFO = INCLUDE_SOURCE;
				MTL_FAST_MATH = YES;
				ONLY_ACTIVE_ARCH = YES;
				SDKROOT = iphoneos;
				SWIFT_ACTIVE_COMPILATION_CONDITIONS = DEBUG;
				SWIFT_OPTIMIZATION_LEVEL = "-Onone";
			};
			name = Debug;
		};
		27895176292689470070F501 /* Release */ = {
			isa = XCBuildConfiguration;
			buildSettings = {
				ALWAYS_SEARCH_USER_PATHS = NO;
				ASSETCATALOG_COMPILER_GENERATE_SWIFT_ASSET_SYMBOL_EXTENSIONS = YES;
				CLANG_ANALYZER_NONNULL = YES;
				CLANG_ANALYZER_NUMBER_OBJECT_CONVERSION = YES_AGGRESSIVE;
				CLANG_CXX_LANGUAGE_STANDARD = "gnu++20";
				CLANG_ENABLE_MODULES = YES;
				CLANG_ENABLE_OBJC_ARC = YES;
				CLANG_ENABLE_OBJC_WEAK = YES;
				CLANG_WARN_BLOCK_CAPTURE_AUTORELEASING = YES;
				CLANG_WARN_BOOL_CONVERSION = YES;
				CLANG_WARN_COMMA = YES;
				CLANG_WARN_CONSTANT_CONVERSION = YES;
				CLANG_WARN_DEPRECATED_OBJC_IMPLEMENTATIONS = YES;
				CLANG_WARN_DIRECT_OBJC_ISA_USAGE = YES_ERROR;
				CLANG_WARN_DOCUMENTATION_COMMENTS = YES;
				CLANG_WARN_EMPTY_BODY = YES;
				CLANG_WARN_ENUM_CONVERSION = YES;
				CLANG_WARN_INFINITE_RECURSION = YES;
				CLANG_WARN_INT_CONVERSION = YES;
				CLANG_WARN_NON_LITERAL_NULL_CONVERSION = YES;
				CLANG_WARN_OBJC_IMPLICIT_RETAIN_SELF = YES;
				CLANG_WARN_OBJC_LITERAL_CONVERSION = YES;
				CLANG_WARN_OBJC_ROOT_CLASS = YES_ERROR;
				CLANG_WARN_QUOTED_INCLUDE_IN_FRAMEWORK_HEADER = YES;
				CLANG_WARN_RANGE_LOOP_ANALYSIS = YES;
				CLANG_WARN_STRICT_PROTOTYPES = YES;
				CLANG_WARN_SUSPICIOUS_MOVE = YES;
				CLANG_WARN_UNGUARDED_AVAILABILITY = YES_AGGRESSIVE;
				CLANG_WARN_UNREACHABLE_CODE = YES;
				CLANG_WARN__DUPLICATE_METHOD_MATCH = YES;
				COPY_PHASE_STRIP = NO;
				DEBUG_INFORMATION_FORMAT = "dwarf-with-dsym";
				ENABLE_NS_ASSERTIONS = NO;
				ENABLE_STRICT_OBJC_MSGSEND = YES;
				ENABLE_USER_SCRIPT_SANDBOXING = YES;
				GCC_C_LANGUAGE_STANDARD = gnu11;
				GCC_NO_COMMON_BLOCKS = YES;
				GCC_WARN_64_TO_32_BIT_CONVERSION = YES;
				GCC_WARN_ABOUT_RETURN_TYPE = YES_ERROR;
				GCC_WARN_UNDECLARED_SELECTOR = YES;
				GCC_WARN_UNINITIALIZED_AUTOS = YES_AGGRESSIVE;
				GCC_WARN_UNUSED_FUNCTION = YES;
				GCC_WARN_UNUSED_VARIABLE = YES;
				IPHONEOS_DEPLOYMENT_TARGET = 17.4;
				MTL_ENABLE_DEBUG_INFO = NO;
				MTL_FAST_MATH = YES;
				SDKROOT = iphoneos;
				SWIFT_COMPILATION_MODE = wholemodule;
				SWIFT_OPTIMIZATION_LEVEL = "-O";
				VALIDATE_PRODUCT = YES;
			};
			name = Release;
		};
		27895178292689470070F501 /* Debug */ = {
			isa = XCBuildConfiguration;
			buildSettings = {
				ASSETCATALOG_COMPILER_APPICON_NAME = AppIcon;
				ASSETCATALOG_COMPILER_GLOBAL_ACCENT_COLOR_NAME = AccentColor;
				CODE_SIGN_ENTITLEMENTS = Example/Example.entitlements;
				CODE_SIGN_STYLE = Automatic;
				CURRENT_PROJECT_VERSION = 61;
				DEVELOPMENT_TEAM = 83BJVWGX4Q;
				GENERATE_INFOPLIST_FILE = YES;
				INFOPLIST_FILE = Example/Info.plist;
				INFOPLIST_KEY_CFBundleDisplayName = Courier;
				INFOPLIST_KEY_UIApplicationSupportsIndirectInputEvents = YES;
				INFOPLIST_KEY_UILaunchStoryboardName = LaunchScreen;
				INFOPLIST_KEY_UIMainStoryboardFile = Main;
				INFOPLIST_KEY_UISupportedInterfaceOrientations_iPad = "UIInterfaceOrientationPortrait UIInterfaceOrientationPortraitUpsideDown UIInterfaceOrientationLandscapeLeft UIInterfaceOrientationLandscapeRight";
				INFOPLIST_KEY_UISupportedInterfaceOrientations_iPhone = "UIInterfaceOrientationPortrait UIInterfaceOrientationLandscapeLeft UIInterfaceOrientationLandscapeRight";
				LD_RUNPATH_SEARCH_PATHS = (
					"$(inherited)",
					"@executable_path/Frameworks",
				);
				MARKETING_VERSION = 1.0;
				PRODUCT_BUNDLE_IDENTIFIER = "com.courier.ios-example";
				PRODUCT_NAME = "$(TARGET_NAME)";
				SWIFT_EMIT_LOC_STRINGS = YES;
				SWIFT_VERSION = 5.0;
				TARGETED_DEVICE_FAMILY = "1,2";
			};
			name = Debug;
		};
		27895179292689470070F501 /* Release */ = {
			isa = XCBuildConfiguration;
			buildSettings = {
				ASSETCATALOG_COMPILER_APPICON_NAME = AppIcon;
				ASSETCATALOG_COMPILER_GLOBAL_ACCENT_COLOR_NAME = AccentColor;
				CODE_SIGN_ENTITLEMENTS = Example/Example.entitlements;
				CODE_SIGN_STYLE = Automatic;
				CURRENT_PROJECT_VERSION = 61;
				DEVELOPMENT_TEAM = 83BJVWGX4Q;
				GENERATE_INFOPLIST_FILE = YES;
				INFOPLIST_FILE = Example/Info.plist;
				INFOPLIST_KEY_CFBundleDisplayName = Courier;
				INFOPLIST_KEY_UIApplicationSupportsIndirectInputEvents = YES;
				INFOPLIST_KEY_UILaunchStoryboardName = LaunchScreen;
				INFOPLIST_KEY_UIMainStoryboardFile = Main;
				INFOPLIST_KEY_UISupportedInterfaceOrientations_iPad = "UIInterfaceOrientationPortrait UIInterfaceOrientationPortraitUpsideDown UIInterfaceOrientationLandscapeLeft UIInterfaceOrientationLandscapeRight";
				INFOPLIST_KEY_UISupportedInterfaceOrientations_iPhone = "UIInterfaceOrientationPortrait UIInterfaceOrientationLandscapeLeft UIInterfaceOrientationLandscapeRight";
				LD_RUNPATH_SEARCH_PATHS = (
					"$(inherited)",
					"@executable_path/Frameworks",
				);
				MARKETING_VERSION = 1.0;
				PRODUCT_BUNDLE_IDENTIFIER = "com.courier.ios-example";
				PRODUCT_NAME = "$(TARGET_NAME)";
				SWIFT_EMIT_LOC_STRINGS = YES;
				SWIFT_VERSION = 5.0;
				TARGETED_DEVICE_FAMILY = "1,2";
			};
			name = Release;
		};
/* End XCBuildConfiguration section */

/* Begin XCConfigurationList section */
		273354312D5AB6560044BFD7 /* Build configuration list for PBXNativeTarget "CourierService" */ = {
			isa = XCConfigurationList;
			buildConfigurations = (
				273354322D5AB6560044BFD7 /* Debug */,
				273354332D5AB6560044BFD7 /* Release */,
			);
			defaultConfigurationIsVisible = 0;
			defaultConfigurationName = Release;
		};
		2789515E292689460070F501 /* Build configuration list for PBXProject "Example" */ = {
			isa = XCConfigurationList;
			buildConfigurations = (
				27895175292689470070F501 /* Debug */,
				27895176292689470070F501 /* Release */,
			);
			defaultConfigurationIsVisible = 0;
			defaultConfigurationName = Release;
		};
		27895177292689470070F501 /* Build configuration list for PBXNativeTarget "Example" */ = {
			isa = XCConfigurationList;
			buildConfigurations = (
				27895178292689470070F501 /* Debug */,
				27895179292689470070F501 /* Release */,
			);
			defaultConfigurationIsVisible = 0;
			defaultConfigurationName = Release;
		};
/* End XCConfigurationList section */

/* Begin XCRemoteSwiftPackageReference section */
		272361322D5ACA7C00A7ABB5 /* XCRemoteSwiftPackageReference "ShowTime" */ = {
			isa = XCRemoteSwiftPackageReference;
			repositoryURL = "https://github.com/KaneCheshire/ShowTime.git";
			requirement = {
				kind = upToNextMajorVersion;
				minimumVersion = 2.5.3;
			};
		};
		272361352D5ACABC00A7ABB5 /* XCRemoteSwiftPackageReference "firebase-ios-sdk" */ = {
			isa = XCRemoteSwiftPackageReference;
			repositoryURL = "https://github.com/firebase/firebase-ios-sdk.git";
			requirement = {
				kind = upToNextMajorVersion;
				minimumVersion = 11.8.1;
			};
		};
		277FF4D62D5ACD9F005BE364 /* XCRemoteSwiftPackageReference "courier-ios" */ = {
			isa = XCRemoteSwiftPackageReference;
			repositoryURL = "https://github.com/trycourier/courier-ios";
			requirement = {
				branch = feature/customlistitems;
				kind = branch;
			};
		};
/* End XCRemoteSwiftPackageReference section */

/* Begin XCSwiftPackageProductDependency section */
		272361332D5ACA7C00A7ABB5 /* ShowTime */ = {
			isa = XCSwiftPackageProductDependency;
			package = 272361322D5ACA7C00A7ABB5 /* XCRemoteSwiftPackageReference "ShowTime" */;
			productName = ShowTime;
		};
		272361362D5ACABC00A7ABB5 /* FirebaseCore */ = {
			isa = XCSwiftPackageProductDependency;
			package = 272361352D5ACABC00A7ABB5 /* XCRemoteSwiftPackageReference "firebase-ios-sdk" */;
			productName = FirebaseCore;
		};
		272361382D5ACABC00A7ABB5 /* FirebaseMessaging */ = {
			isa = XCSwiftPackageProductDependency;
			package = 272361352D5ACABC00A7ABB5 /* XCRemoteSwiftPackageReference "firebase-ios-sdk" */;
			productName = FirebaseMessaging;
		};
		277FF4D72D5ACD9F005BE364 /* Courier_iOS */ = {
			isa = XCSwiftPackageProductDependency;
			package = 277FF4D62D5ACD9F005BE364 /* XCRemoteSwiftPackageReference "courier-ios" */;
			productName = Courier_iOS;
		};
		277FF4D92D5ACDBE005BE364 /* Courier_iOS */ = {
			isa = XCSwiftPackageProductDependency;
			package = 277FF4D62D5ACD9F005BE364 /* XCRemoteSwiftPackageReference "courier-ios" */;
			productName = Courier_iOS;
		};
/* End XCSwiftPackageProductDependency section */
	};
	rootObject = 2789515B292689460070F501 /* Project object */;
}
